// !$*UTF8*$!
{
	archiveVersion = 1;
	classes = {
	};
	objectVersion = 48;
	objects = {

/* Begin PBXBuildFile section */
		CA4E82EF206C889300762F0B /* AppDelegate.swift in Sources */ = {isa = PBXBuildFile; fileRef = CA4E82EE206C889300762F0B /* AppDelegate.swift */; };
		CA4E82F1206C889300762F0B /* ViewController.swift in Sources */ = {isa = PBXBuildFile; fileRef = CA4E82F0206C889300762F0B /* ViewController.swift */; };
		CA4E82F4206C889300762F0B /* Main.storyboard in Resources */ = {isa = PBXBuildFile; fileRef = CA4E82F2206C889300762F0B /* Main.storyboard */; };
		CA4E82F6206C889300762F0B /* Assets.xcassets in Resources */ = {isa = PBXBuildFile; fileRef = CA4E82F5206C889300762F0B /* Assets.xcassets */; };
		CA4E82F9206C889300762F0B /* LaunchScreen.storyboard in Resources */ = {isa = PBXBuildFile; fileRef = CA4E82F7206C889300762F0B /* LaunchScreen.storyboard */; };
		CA4E8302206C894000762F0B /* KakaoOpenSDK.framework in Frameworks */ = {isa = PBXBuildFile; fileRef = CA4E8301206C894000762F0B /* KakaoOpenSDK.framework */; };
		CA4E830A206C950000762F0B /* LoginViewController.swift in Sources */ = {isa = PBXBuildFile; fileRef = CA4E8309206C950000762F0B /* LoginViewController.swift */; };
/* End PBXBuildFile section */

/* Begin PBXFileReference section */
		CA4E82EB206C889300762F0B /* Kakao_Sample.app */ = {isa = PBXFileReference; explicitFileType = wrapper.application; includeInIndex = 0; path = Kakao_Sample.app; sourceTree = BUILT_PRODUCTS_DIR; };
		CA4E82EE206C889300762F0B /* AppDelegate.swift */ = {isa = PBXFileReference; lastKnownFileType = sourcecode.swift; path = AppDelegate.swift; sourceTree = "<group>"; };
		CA4E82F0206C889300762F0B /* ViewController.swift */ = {isa = PBXFileReference; lastKnownFileType = sourcecode.swift; path = ViewController.swift; sourceTree = "<group>"; };
		CA4E82F3206C889300762F0B /* Base */ = {isa = PBXFileReference; lastKnownFileType = file.storyboard; name = Base; path = Base.lproj/Main.storyboard; sourceTree = "<group>"; };
		CA4E82F5206C889300762F0B /* Assets.xcassets */ = {isa = PBXFileReference; lastKnownFileType = folder.assetcatalog; path = Assets.xcassets; sourceTree = "<group>"; };
		CA4E82F8206C889300762F0B /* Base */ = {isa = PBXFileReference; lastKnownFileType = file.storyboard; name = Base; path = Base.lproj/LaunchScreen.storyboard; sourceTree = "<group>"; };
		CA4E82FA206C889300762F0B /* Info.plist */ = {isa = PBXFileReference; lastKnownFileType = text.plist.xml; path = Info.plist; sourceTree = "<group>"; };
		CA4E8301206C894000762F0B /* KakaoOpenSDK.framework */ = {isa = PBXFileReference; lastKnownFileType = wrapper.framework; name = KakaoOpenSDK.framework; path = Kakao_Sample/Framework/KakaoOpenSDK.framework; sourceTree = "<group>"; };
		CA4E8308206C90A400762F0B /* Kakao_Sample-Bridging-Header.h */ = {isa = PBXFileReference; lastKnownFileType = sourcecode.c.h; path = "Kakao_Sample-Bridging-Header.h"; sourceTree = "<group>"; };
		CA4E8309206C950000762F0B /* LoginViewController.swift */ = {isa = PBXFileReference; lastKnownFileType = sourcecode.swift; path = LoginViewController.swift; sourceTree = "<group>"; };
/* End PBXFileReference section */

/* Begin PBXFrameworksBuildPhase section */
		CA4E82E8206C889300762F0B /* Frameworks */ = {
			isa = PBXFrameworksBuildPhase;
			buildActionMask = 2147483647;
			files = (
				CA4E8302206C894000762F0B /* KakaoOpenSDK.framework in Frameworks */,
			);
			runOnlyForDeploymentPostprocessing = 0;
		};
/* End PBXFrameworksBuildPhase section */

/* Begin PBXGroup section */
		CA4E82E2206C889300762F0B = {
			isa = PBXGroup;
			children = (
				CA4E82ED206C889300762F0B /* Kakao_Sample */,
				CA4E82EC206C889300762F0B /* Products */,
				CA4E8300206C894000762F0B /* Frameworks */,
			);
			sourceTree = "<group>";
		};
		CA4E82EC206C889300762F0B /* Products */ = {
			isa = PBXGroup;
			children = (
				CA4E82EB206C889300762F0B /* Kakao_Sample.app */,
			);
			name = Products;
			sourceTree = "<group>";
		};
		CA4E82ED206C889300762F0B /* Kakao_Sample */ = {
			isa = PBXGroup;
			children = (
				CA4E82EE206C889300762F0B /* AppDelegate.swift */,
				CA4E82F0206C889300762F0B /* ViewController.swift */,
				CA4E8309206C950000762F0B /* LoginViewController.swift */,
				CA4E82F2206C889300762F0B /* Main.storyboard */,
				CA4E82F5206C889300762F0B /* Assets.xcassets */,
				CA4E82F7206C889300762F0B /* LaunchScreen.storyboard */,
				CA4E82FA206C889300762F0B /* Info.plist */,
				CA4E8308206C90A400762F0B /* Kakao_Sample-Bridging-Header.h */,
			);
			path = Kakao_Sample;
			sourceTree = "<group>";
		};
		CA4E8300206C894000762F0B /* Frameworks */ = {
			isa = PBXGroup;
			children = (
				CA4E8301206C894000762F0B /* KakaoOpenSDK.framework */,
			);
			name = Frameworks;
			sourceTree = "<group>";
		};
/* End PBXGroup section */

/* Begin PBXNativeTarget section */
		CA4E82EA206C889300762F0B /* Kakao_Sample */ = {
			isa = PBXNativeTarget;
			buildConfigurationList = CA4E82FD206C889300762F0B /* Build configuration list for PBXNativeTarget "Kakao_Sample" */;
			buildPhases = (
				CA4E82E7206C889300762F0B /* Sources */,
				CA4E82E8206C889300762F0B /* Frameworks */,
				CA4E82E9206C889300762F0B /* Resources */,
			);
			buildRules = (
			);
			dependencies = (
			);
			name = Kakao_Sample;
			productName = Kakao_Sample;
			productReference = CA4E82EB206C889300762F0B /* Kakao_Sample.app */;
			productType = "com.apple.product-type.application";
		};
/* End PBXNativeTarget section */

/* Begin PBXProject section */
		CA4E82E3206C889300762F0B /* Project object */ = {
			isa = PBXProject;
			attributes = {
				LastSwiftUpdateCheck = 0920;
				LastUpgradeCheck = 0920;
				ORGANIZATIONNAME = "Yongseok Choi";
				TargetAttributes = {
					CA4E82EA206C889300762F0B = {
						CreatedOnToolsVersion = 9.2;
						LastSwiftMigration = 0920;
						ProvisioningStyle = Automatic;
					};
				};
			};
			buildConfigurationList = CA4E82E6206C889300762F0B /* Build configuration list for PBXProject "Kakao_Sample" */;
			compatibilityVersion = "Xcode 8.0";
			developmentRegion = en;
			hasScannedForEncodings = 0;
			knownRegions = (
				en,
				Base,
			);
			mainGroup = CA4E82E2206C889300762F0B;
			productRefGroup = CA4E82EC206C889300762F0B /* Products */;
			projectDirPath = "";
			projectRoot = "";
			targets = (
				CA4E82EA206C889300762F0B /* Kakao_Sample */,
			);
		};
/* End PBXProject section */

/* Begin PBXResourcesBuildPhase section */
		CA4E82E9206C889300762F0B /* Resources */ = {
			isa = PBXResourcesBuildPhase;
			buildActionMask = 2147483647;
			files = (
				CA4E82F9206C889300762F0B /* LaunchScreen.storyboard in Resources */,
				CA4E82F6206C889300762F0B /* Assets.xcassets in Resources */,
				CA4E82F4206C889300762F0B /* Main.storyboard in Resources */,
			);
			runOnlyForDeploymentPostprocessing = 0;
		};
/* End PBXResourcesBuildPhase section */

/* Begin PBXSourcesBuildPhase section */
		CA4E82E7206C889300762F0B /* Sources */ = {
			isa = PBXSourcesBuildPhase;
			buildActionMask = 2147483647;
			files = (
				CA4E830A206C950000762F0B /* LoginViewController.swift in Sources */,
				CA4E82F1206C889300762F0B /* ViewController.swift in Sources */,
				CA4E82EF206C889300762F0B /* AppDelegate.swift in Sources */,
			);
			runOnlyForDeploymentPostprocessing = 0;
		};
/* End PBXSourcesBuildPhase section */

/* Begin PBXVariantGroup section */
		CA4E82F2206C889300762F0B /* Main.storyboard */ = {
			isa = PBXVariantGroup;
			children = (
				CA4E82F3206C889300762F0B /* Base */,
			);
			name = Main.storyboard;
			sourceTree = "<group>";
		};
		CA4E82F7206C889300762F0B /* LaunchScreen.storyboard */ = {
			isa = PBXVariantGroup;
			children = (
				CA4E82F8206C889300762F0B /* Base */,
			);
			name = LaunchScreen.storyboard;
			sourceTree = "<group>";
		};
/* End PBXVariantGroup section */

/* Begin XCBuildConfiguration section */
		CA4E82FB206C889300762F0B /* Debug */ = {
			isa = XCBuildConfiguration;
			buildSettings = {
				ALWAYS_SEARCH_USER_PATHS = NO;
				CLANG_ANALYZER_NONNULL = YES;
				CLANG_ANALYZER_NUMBER_OBJECT_CONVERSION = YES_AGGRESSIVE;
				CLANG_CXX_LANGUAGE_STANDARD = "gnu++14";
				CLANG_CXX_LIBRARY = "libc++";
				CLANG_ENABLE_MODULES = YES;
				CLANG_ENABLE_OBJC_ARC = YES;
				CLANG_WARN_BLOCK_CAPTURE_AUTORELEASING = YES;
				CLANG_WARN_BOOL_CONVERSION = YES;
				CLANG_WARN_COMMA = YES;
				CLANG_WARN_CONSTANT_CONVERSION = YES;
				CLANG_WARN_DIRECT_OBJC_ISA_USAGE = YES_ERROR;
				CLANG_WARN_DOCUMENTATION_COMMENTS = YES;
				CLANG_WARN_EMPTY_BODY = YES;
				CLANG_WARN_ENUM_CONVERSION = YES;
				CLANG_WARN_INFINITE_RECURSION = YES;
				CLANG_WARN_INT_CONVERSION = YES;
				CLANG_WARN_NON_LITERAL_NULL_CONVERSION = YES;
				CLANG_WARN_OBJC_LITERAL_CONVERSION = YES;
				CLANG_WARN_OBJC_ROOT_CLASS = YES_ERROR;
				CLANG_WARN_RANGE_LOOP_ANALYSIS = YES;
				CLANG_WARN_STRICT_PROTOTYPES = YES;
				CLANG_WARN_SUSPICIOUS_MOVE = YES;
				CLANG_WARN_UNGUARDED_AVAILABILITY = YES_AGGRESSIVE;
				CLANG_WARN_UNREACHABLE_CODE = YES;
				CLANG_WARN__DUPLICATE_METHOD_MATCH = YES;
				CODE_SIGN_IDENTITY = "iPhone Developer";
				COPY_PHASE_STRIP = NO;
				DEBUG_INFORMATION_FORMAT = dwarf;
				ENABLE_STRICT_OBJC_MSGSEND = YES;
				ENABLE_TESTABILITY = YES;
				GCC_C_LANGUAGE_STANDARD = gnu11;
				GCC_DYNAMIC_NO_PIC = NO;
				GCC_NO_COMMON_BLOCKS = YES;
				GCC_OPTIMIZATION_LEVEL = 0;
				GCC_PREPROCESSOR_DEFINITIONS = (
					"DEBUG=1",
					"$(inherited)",
				);
				GCC_WARN_64_TO_32_BIT_CONVERSION = YES;
				GCC_WARN_ABOUT_RETURN_TYPE = YES_ERROR;
				GCC_WARN_UNDECLARED_SELECTOR = YES;
				GCC_WARN_UNINITIALIZED_AUTOS = YES_AGGRESSIVE;
				GCC_WARN_UNUSED_FUNCTION = YES;
				GCC_WARN_UNUSED_VARIABLE = YES;
				IPHONEOS_DEPLOYMENT_TARGET = 11.2;
				MTL_ENABLE_DEBUG_INFO = YES;
				ONLY_ACTIVE_ARCH = YES;
				SDKROOT = iphoneos;
				SWIFT_ACTIVE_COMPILATION_CONDITIONS = DEBUG;
				SWIFT_OPTIMIZATION_LEVEL = "-Onone";
			};
			name = Debug;
		};
		CA4E82FC206C889300762F0B /* Release */ = {
			isa = XCBuildConfiguration;
			buildSettings = {
				ALWAYS_SEARCH_USER_PATHS = NO;
				CLANG_ANALYZER_NONNULL = YES;
				CLANG_ANALYZER_NUMBER_OBJECT_CONVERSION = YES_AGGRESSIVE;
				CLANG_CXX_LANGUAGE_STANDARD = "gnu++14";
				CLANG_CXX_LIBRARY = "libc++";
				CLANG_ENABLE_MODULES = YES;
				CLANG_ENABLE_OBJC_ARC = YES;
				CLANG_WARN_BLOCK_CAPTURE_AUTORELEASING = YES;
				CLANG_WARN_BOOL_CONVERSION = YES;
				CLANG_WARN_COMMA = YES;
				CLANG_WARN_CONSTANT_CONVERSION = YES;
				CLANG_WARN_DIRECT_OBJC_ISA_USAGE = YES_ERROR;
				CLANG_WARN_DOCUMENTATION_COMMENTS = YES;
				CLANG_WARN_EMPTY_BODY = YES;
				CLANG_WARN_ENUM_CONVERSION = YES;
				CLANG_WARN_INFINITE_RECURSION = YES;
				CLANG_WARN_INT_CONVERSION = YES;
				CLANG_WARN_NON_LITERAL_NULL_CONVERSION = YES;
				CLANG_WARN_OBJC_LITERAL_CONVERSION = YES;
				CLANG_WARN_OBJC_ROOT_CLASS = YES_ERROR;
				CLANG_WARN_RANGE_LOOP_ANALYSIS = YES;
				CLANG_WARN_STRICT_PROTOTYPES = YES;
				CLANG_WARN_SUSPICIOUS_MOVE = YES;
				CLANG_WARN_UNGUARDED_AVAILABILITY = YES_AGGRESSIVE;
				CLANG_WARN_UNREACHABLE_CODE = YES;
				CLANG_WARN__DUPLICATE_METHOD_MATCH = YES;
				CODE_SIGN_IDENTITY = "iPhone Developer";
				COPY_PHASE_STRIP = NO;
				DEBUG_INFORMATION_FORMAT = "dwarf-with-dsym";
				ENABLE_NS_ASSERTIONS = NO;
				ENABLE_STRICT_OBJC_MSGSEND = YES;
				GCC_C_LANGUAGE_STANDARD = gnu11;
				GCC_NO_COMMON_BLOCKS = YES;
				GCC_WARN_64_TO_32_BIT_CONVERSION = YES;
				GCC_WARN_ABOUT_RETURN_TYPE = YES_ERROR;
				GCC_WARN_UNDECLARED_SELECTOR = YES;
				GCC_WARN_UNINITIALIZED_AUTOS = YES_AGGRESSIVE;
				GCC_WARN_UNUSED_FUNCTION = YES;
				GCC_WARN_UNUSED_VARIABLE = YES;
				IPHONEOS_DEPLOYMENT_TARGET = 11.2;
				MTL_ENABLE_DEBUG_INFO = NO;
				SDKROOT = iphoneos;
				SWIFT_OPTIMIZATION_LEVEL = "-Owholemodule";
				VALIDATE_PRODUCT = YES;
			};
			name = Release;
		};
		CA4E82FE206C889300762F0B /* Debug */ = {
			isa = XCBuildConfiguration;
			buildSettings = {
				ASSETCATALOG_COMPILER_APPICON_NAME = AppIcon;
				CLANG_ENABLE_MODULES = YES;
				CODE_SIGN_STYLE = Automatic;
				FRAMEWORK_SEARCH_PATHS = (
					"$(inherited)",
					"$(PROJECT_DIR)/Kakao_Sample/Framework",
				);
				INFOPLIST_FILE = Kakao_Sample/Info.plist;
				LD_RUNPATH_SEARCH_PATHS = "$(inherited) @executable_path/Frameworks";
				OTHER_LDFLAGS = "-all_load";
				PRODUCT_BUNDLE_IDENTIFIER = "com.yschoi.Kakao-Sample";
				PRODUCT_NAME = "$(TARGET_NAME)";
				SWIFT_OBJC_BRIDGING_HEADER = "Kakao_Sample/Kakao_Sample-Bridging-Header.h";
				SWIFT_OPTIMIZATION_LEVEL = "-Onone";
				SWIFT_VERSION = 4.0;
				TARGETED_DEVICE_FAMILY = "1,2";
			};
			name = Debug;
		};
		CA4E82FF206C889300762F0B /* Release */ = {
			isa = XCBuildConfiguration;
			buildSettings = {
				ASSETCATALOG_COMPILER_APPICON_NAME = AppIcon;
				CLANG_ENABLE_MODULES = YES;
				CODE_SIGN_STYLE = Automatic;
				FRAMEWORK_SEARCH_PATHS = (
					"$(inherited)",
					"$(PROJECT_DIR)/Kakao_Sample/Framework",
				);
				INFOPLIST_FILE = Kakao_Sample/Info.plist;
				LD_RUNPATH_SEARCH_PATHS = "$(inherited) @executable_path/Frameworks";
				OTHER_LDFLAGS = "-all_load";
				PRODUCT_BUNDLE_IDENTIFIER = "com.yschoi.Kakao-Sample";
				PRODUCT_NAME = "$(TARGET_NAME)";
				SWIFT_OBJC_BRIDGING_HEADER = "Kakao_Sample/Kakao_Sample-Bridging-Header.h";
				SWIFT_VERSION = 4.0;
				TARGETED_DEVICE_FAMILY = "1,2";
			};
			name = Release;
		};
/* End XCBuildConfiguration section */

/* Begin XCConfigurationList section */
		CA4E82E6206C889300762F0B /* Build configuration list for PBXProject "Kakao_Sample" */ = {
			isa = XCConfigurationList;
			buildConfigurations = (
				CA4E82FB206C889300762F0B /* Debug */,
				CA4E82FC206C889300762F0B /* Release */,
			);
			defaultConfigurationIsVisible = 0;
			defaultConfigurationName = Release;
		};
		CA4E82FD206C889300762F0B /* Build configuration list for PBXNativeTarget "Kakao_Sample" */ = {
			isa = XCConfigurationList;
			buildConfigurations = (
				CA4E82FE206C889300762F0B /* Debug */,
				CA4E82FF206C889300762F0B /* Release */,
			);
			defaultConfigurationIsVisible = 0;
			defaultConfigurationName = Release;
		};
/* End XCConfigurationList section */
	};
	rootObject = CA4E82E3206C889300762F0B /* Project object */;
}
