// !$*UTF8*$!
{
	archiveVersion = 1;
	classes = {
	};
	objectVersion = 48;
	objects = {

/* Begin PBXBuildFile section */
		CA49BDFF2038FD98007AED6D /* AppDelegate.swift in Sources */ = {isa = PBXBuildFile; fileRef = CA49BDFE2038FD98007AED6D /* AppDelegate.swift */; };
		CA49BE012038FD98007AED6D /* ViewController.swift in Sources */ = {isa = PBXBuildFile; fileRef = CA49BE002038FD98007AED6D /* ViewController.swift */; };
		CA49BE042038FD98007AED6D /* Main.storyboard in Resources */ = {isa = PBXBuildFile; fileRef = CA49BE022038FD98007AED6D /* Main.storyboard */; };
		CA49BE062038FD98007AED6D /* Assets.xcassets in Resources */ = {isa = PBXBuildFile; fileRef = CA49BE052038FD98007AED6D /* Assets.xcassets */; };
		CA49BE092038FD98007AED6D /* LaunchScreen.storyboard in Resources */ = {isa = PBXBuildFile; fileRef = CA49BE072038FD98007AED6D /* LaunchScreen.storyboard */; };
		CA49BE15203904BD007AED6D /* SignUpViewController.swift in Sources */ = {isa = PBXBuildFile; fileRef = CA49BE14203904BD007AED6D /* SignUpViewController.swift */; };
		CA49BE1720390500007AED6D /* ContentsViewController.swift in Sources */ = {isa = PBXBuildFile; fileRef = CA49BE1620390500007AED6D /* ContentsViewController.swift */; };
		CA76A5F8203BC82300BB64A7 /* SignInViewController.swift in Sources */ = {isa = PBXBuildFile; fileRef = CA76A5F7203BC82300BB64A7 /* SignInViewController.swift */; };
/* End PBXBuildFile section */

/* Begin PBXFileReference section */
		CA49BDFB2038FD98007AED6D /* SignUp_Sample.app */ = {isa = PBXFileReference; explicitFileType = wrapper.application; includeInIndex = 0; path = SignUp_Sample.app; sourceTree = BUILT_PRODUCTS_DIR; };
		CA49BDFE2038FD98007AED6D /* AppDelegate.swift */ = {isa = PBXFileReference; lastKnownFileType = sourcecode.swift; path = AppDelegate.swift; sourceTree = "<group>"; };
		CA49BE002038FD98007AED6D /* ViewController.swift */ = {isa = PBXFileReference; lastKnownFileType = sourcecode.swift; path = ViewController.swift; sourceTree = "<group>"; };
		CA49BE032038FD98007AED6D /* Base */ = {isa = PBXFileReference; lastKnownFileType = file.storyboard; name = Base; path = Base.lproj/Main.storyboard; sourceTree = "<group>"; };
		CA49BE052038FD98007AED6D /* Assets.xcassets */ = {isa = PBXFileReference; lastKnownFileType = folder.assetcatalog; path = Assets.xcassets; sourceTree = "<group>"; };
		CA49BE082038FD98007AED6D /* Base */ = {isa = PBXFileReference; lastKnownFileType = file.storyboard; name = Base; path = Base.lproj/LaunchScreen.storyboard; sourceTree = "<group>"; };
		CA49BE0A2038FD98007AED6D /* Info.plist */ = {isa = PBXFileReference; lastKnownFileType = text.plist.xml; path = Info.plist; sourceTree = "<group>"; };
		CA49BE14203904BD007AED6D /* SignUpViewController.swift */ = {isa = PBXFileReference; lastKnownFileType = sourcecode.swift; path = SignUpViewController.swift; sourceTree = "<group>"; };
		CA49BE1620390500007AED6D /* ContentsViewController.swift */ = {isa = PBXFileReference; lastKnownFileType = sourcecode.swift; path = ContentsViewController.swift; sourceTree = "<group>"; };
		CA76A5F7203BC82300BB64A7 /* SignInViewController.swift */ = {isa = PBXFileReference; lastKnownFileType = sourcecode.swift; path = SignInViewController.swift; sourceTree = "<group>"; };
/* End PBXFileReference section */

/* Begin PBXFrameworksBuildPhase section */
		CA49BDF82038FD98007AED6D /* Frameworks */ = {
			isa = PBXFrameworksBuildPhase;
			buildActionMask = 2147483647;
			files = (
			);
			runOnlyForDeploymentPostprocessing = 0;
		};
/* End PBXFrameworksBuildPhase section */

/* Begin PBXGroup section */
		CA49BDF22038FD98007AED6D = {
			isa = PBXGroup;
			children = (
				CA49BDFD2038FD98007AED6D /* SignUp_Sample */,
				CA49BDFC2038FD98007AED6D /* Products */,
			);
			sourceTree = "<group>";
		};
		CA49BDFC2038FD98007AED6D /* Products */ = {
			isa = PBXGroup;
			children = (
				CA49BDFB2038FD98007AED6D /* SignUp_Sample.app */,
			);
			name = Products;
			sourceTree = "<group>";
		};
		CA49BDFD2038FD98007AED6D /* SignUp_Sample */ = {
			isa = PBXGroup;
			children = (
				CA49BDFE2038FD98007AED6D /* AppDelegate.swift */,
				CA49BE002038FD98007AED6D /* ViewController.swift */,
				CA76A5F7203BC82300BB64A7 /* SignInViewController.swift */,
				CA49BE14203904BD007AED6D /* SignUpViewController.swift */,
				CA49BE1620390500007AED6D /* ContentsViewController.swift */,
				CA49BE022038FD98007AED6D /* Main.storyboard */,
				CA49BE052038FD98007AED6D /* Assets.xcassets */,
				CA49BE072038FD98007AED6D /* LaunchScreen.storyboard */,
				CA49BE0A2038FD98007AED6D /* Info.plist */,
			);
			path = SignUp_Sample;
			sourceTree = "<group>";
		};
/* End PBXGroup section */

/* Begin PBXNativeTarget section */
		CA49BDFA2038FD98007AED6D /* SignUp_Sample */ = {
			isa = PBXNativeTarget;
			buildConfigurationList = CA49BE0D2038FD98007AED6D /* Build configuration list for PBXNativeTarget "SignUp_Sample" */;
			buildPhases = (
				CA49BDF72038FD98007AED6D /* Sources */,
				CA49BDF82038FD98007AED6D /* Frameworks */,
				CA49BDF92038FD98007AED6D /* Resources */,
			);
			buildRules = (
			);
			dependencies = (
			);
			name = SignUp_Sample;
			productName = SignUp_Sample;
			productReference = CA49BDFB2038FD98007AED6D /* SignUp_Sample.app */;
			productType = "com.apple.product-type.application";
		};
/* End PBXNativeTarget section */

/* Begin PBXProject section */
		CA49BDF32038FD98007AED6D /* Project object */ = {
			isa = PBXProject;
			attributes = {
				LastSwiftUpdateCheck = 0920;
				LastUpgradeCheck = 0920;
				ORGANIZATIONNAME = "Yongseok Choi";
				TargetAttributes = {
					CA49BDFA2038FD98007AED6D = {
						CreatedOnToolsVersion = 9.2;
						ProvisioningStyle = Automatic;
					};
				};
			};
			buildConfigurationList = CA49BDF62038FD98007AED6D /* Build configuration list for PBXProject "SignUp_Sample" */;
			compatibilityVersion = "Xcode 8.0";
			developmentRegion = en;
			hasScannedForEncodings = 0;
			knownRegions = (
				en,
				Base,
			);
			mainGroup = CA49BDF22038FD98007AED6D;
			productRefGroup = CA49BDFC2038FD98007AED6D /* Products */;
			projectDirPath = "";
			projectRoot = "";
			targets = (
				CA49BDFA2038FD98007AED6D /* SignUp_Sample */,
			);
		};
/* End PBXProject section */

/* Begin PBXResourcesBuildPhase section */
		CA49BDF92038FD98007AED6D /* Resources */ = {
			isa = PBXResourcesBuildPhase;
			buildActionMask = 2147483647;
			files = (
				CA49BE092038FD98007AED6D /* LaunchScreen.storyboard in Resources */,
				CA49BE062038FD98007AED6D /* Assets.xcassets in Resources */,
				CA49BE042038FD98007AED6D /* Main.storyboard in Resources */,
			);
			runOnlyForDeploymentPostprocessing = 0;
		};
/* End PBXResourcesBuildPhase section */

/* Begin PBXSourcesBuildPhase section */
		CA49BDF72038FD98007AED6D /* Sources */ = {
			isa = PBXSourcesBuildPhase;
			buildActionMask = 2147483647;
			files = (
				CA49BE012038FD98007AED6D /* ViewController.swift in Sources */,
				CA49BE1720390500007AED6D /* ContentsViewController.swift in Sources */,
				CA49BDFF2038FD98007AED6D /* AppDelegate.swift in Sources */,
				CA76A5F8203BC82300BB64A7 /* SignInViewController.swift in Sources */,
				CA49BE15203904BD007AED6D /* SignUpViewController.swift in Sources */,
			);
			runOnlyForDeploymentPostprocessing = 0;
		};
/* End PBXSourcesBuildPhase section */

/* Begin PBXVariantGroup section */
		CA49BE022038FD98007AED6D /* Main.storyboard */ = {
			isa = PBXVariantGroup;
			children = (
				CA49BE032038FD98007AED6D /* Base */,
			);
			name = Main.storyboard;
			sourceTree = "<group>";
		};
		CA49BE072038FD98007AED6D /* LaunchScreen.storyboard */ = {
			isa = PBXVariantGroup;
			children = (
				CA49BE082038FD98007AED6D /* Base */,
			);
			name = LaunchScreen.storyboard;
			sourceTree = "<group>";
		};
/* End PBXVariantGroup section */

/* Begin XCBuildConfiguration section */
		CA49BE0B2038FD98007AED6D /* Debug */ = {
			isa = XCBuildConfiguration;
			buildSettings = {
				ALWAYS_SEARCH_USER_PATHS = NO;
				CLANG_ANALYZER_NONNULL = YES;
				CLANG_ANALYZER_NUMBER_OBJECT_CONVERSION = YES_AGGRESSIVE;
				CLANG_CXX_LANGUAGE_STANDARD = "gnu++14";
				CLANG_CXX_LIBRARY = "libc++";
				CLANG_ENABLE_MODULES = YES;
				CLANG_ENABLE_OBJC_ARC = YES;
				CLANG_WARN_BLOCK_CAPTURE_AUTORELEASING = YES;
				CLANG_WARN_BOOL_CONVERSION = YES;
				CLANG_WARN_COMMA = YES;
				CLANG_WARN_CONSTANT_CONVERSION = YES;
				CLANG_WARN_DIRECT_OBJC_ISA_USAGE = YES_ERROR;
				CLANG_WARN_DOCUMENTATION_COMMENTS = YES;
				CLANG_WARN_EMPTY_BODY = YES;
				CLANG_WARN_ENUM_CONVERSION = YES;
				CLANG_WARN_INFINITE_RECURSION = YES;
				CLANG_WARN_INT_CONVERSION = YES;
				CLANG_WARN_NON_LITERAL_NULL_CONVERSION = YES;
				CLANG_WARN_OBJC_LITERAL_CONVERSION = YES;
				CLANG_WARN_OBJC_ROOT_CLASS = YES_ERROR;
				CLANG_WARN_RANGE_LOOP_ANALYSIS = YES;
				CLANG_WARN_STRICT_PROTOTYPES = YES;
				CLANG_WARN_SUSPICIOUS_MOVE = YES;
				CLANG_WARN_UNGUARDED_AVAILABILITY = YES_AGGRESSIVE;
				CLANG_WARN_UNREACHABLE_CODE = YES;
				CLANG_WARN__DUPLICATE_METHOD_MATCH = YES;
				CODE_SIGN_IDENTITY = "iPhone Developer";
				COPY_PHASE_STRIP = NO;
				DEBUG_INFORMATION_FORMAT = dwarf;
				ENABLE_STRICT_OBJC_MSGSEND = YES;
				ENABLE_TESTABILITY = YES;
				GCC_C_LANGUAGE_STANDARD = gnu11;
				GCC_DYNAMIC_NO_PIC = NO;
				GCC_NO_COMMON_BLOCKS = YES;
				GCC_OPTIMIZATION_LEVEL = 0;
				GCC_PREPROCESSOR_DEFINITIONS = (
					"DEBUG=1",
					"$(inherited)",
				);
				GCC_WARN_64_TO_32_BIT_CONVERSION = YES;
				GCC_WARN_ABOUT_RETURN_TYPE = YES_ERROR;
				GCC_WARN_UNDECLARED_SELECTOR = YES;
				GCC_WARN_UNINITIALIZED_AUTOS = YES_AGGRESSIVE;
				GCC_WARN_UNUSED_FUNCTION = YES;
				GCC_WARN_UNUSED_VARIABLE = YES;
				IPHONEOS_DEPLOYMENT_TARGET = 11.2;
				MTL_ENABLE_DEBUG_INFO = YES;
				ONLY_ACTIVE_ARCH = YES;
				SDKROOT = iphoneos;
				SWIFT_ACTIVE_COMPILATION_CONDITIONS = DEBUG;
				SWIFT_OPTIMIZATION_LEVEL = "-Onone";
			};
			name = Debug;
		};
		CA49BE0C2038FD98007AED6D /* Release */ = {
			isa = XCBuildConfiguration;
			buildSettings = {
				ALWAYS_SEARCH_USER_PATHS = NO;
				CLANG_ANALYZER_NONNULL = YES;
				CLANG_ANALYZER_NUMBER_OBJECT_CONVERSION = YES_AGGRESSIVE;
				CLANG_CXX_LANGUAGE_STANDARD = "gnu++14";
				CLANG_CXX_LIBRARY = "libc++";
				CLANG_ENABLE_MODULES = YES;
				CLANG_ENABLE_OBJC_ARC = YES;
				CLANG_WARN_BLOCK_CAPTURE_AUTORELEASING = YES;
				CLANG_WARN_BOOL_CONVERSION = YES;
				CLANG_WARN_COMMA = YES;
				CLANG_WARN_CONSTANT_CONVERSION = YES;
				CLANG_WARN_DIRECT_OBJC_ISA_USAGE = YES_ERROR;
				CLANG_WARN_DOCUMENTATION_COMMENTS = YES;
				CLANG_WARN_EMPTY_BODY = YES;
				CLANG_WARN_ENUM_CONVERSION = YES;
				CLANG_WARN_INFINITE_RECURSION = YES;
				CLANG_WARN_INT_CONVERSION = YES;
				CLANG_WARN_NON_LITERAL_NULL_CONVERSION = YES;
				CLANG_WARN_OBJC_LITERAL_CONVERSION = YES;
				CLANG_WARN_OBJC_ROOT_CLASS = YES_ERROR;
				CLANG_WARN_RANGE_LOOP_ANALYSIS = YES;
				CLANG_WARN_STRICT_PROTOTYPES = YES;
				CLANG_WARN_SUSPICIOUS_MOVE = YES;
				CLANG_WARN_UNGUARDED_AVAILABILITY = YES_AGGRESSIVE;
				CLANG_WARN_UNREACHABLE_CODE = YES;
				CLANG_WARN__DUPLICATE_METHOD_MATCH = YES;
				CODE_SIGN_IDENTITY = "iPhone Developer";
				COPY_PHASE_STRIP = NO;
				DEBUG_INFORMATION_FORMAT = "dwarf-with-dsym";
				ENABLE_NS_ASSERTIONS = NO;
				ENABLE_STRICT_OBJC_MSGSEND = YES;
				GCC_C_LANGUAGE_STANDARD = gnu11;
				GCC_NO_COMMON_BLOCKS = YES;
				GCC_WARN_64_TO_32_BIT_CONVERSION = YES;
				GCC_WARN_ABOUT_RETURN_TYPE = YES_ERROR;
				GCC_WARN_UNDECLARED_SELECTOR = YES;
				GCC_WARN_UNINITIALIZED_AUTOS = YES_AGGRESSIVE;
				GCC_WARN_UNUSED_FUNCTION = YES;
				GCC_WARN_UNUSED_VARIABLE = YES;
				IPHONEOS_DEPLOYMENT_TARGET = 11.2;
				MTL_ENABLE_DEBUG_INFO = NO;
				SDKROOT = iphoneos;
				SWIFT_OPTIMIZATION_LEVEL = "-Owholemodule";
				VALIDATE_PRODUCT = YES;
			};
			name = Release;
		};
		CA49BE0E2038FD98007AED6D /* Debug */ = {
			isa = XCBuildConfiguration;
			buildSettings = {
				ASSETCATALOG_COMPILER_APPICON_NAME = AppIcon;
				CODE_SIGN_STYLE = Automatic;
				INFOPLIST_FILE = SignUp_Sample/Info.plist;
				LD_RUNPATH_SEARCH_PATHS = "$(inherited) @executable_path/Frameworks";
				PRODUCT_BUNDLE_IDENTIFIER = "com.yschoi.SignUp-Sample";
				PRODUCT_NAME = "$(TARGET_NAME)";
				SWIFT_VERSION = 4.0;
				TARGETED_DEVICE_FAMILY = "1,2";
			};
			name = Debug;
		};
		CA49BE0F2038FD98007AED6D /* Release */ = {
			isa = XCBuildConfiguration;
			buildSettings = {
				ASSETCATALOG_COMPILER_APPICON_NAME = AppIcon;
				CODE_SIGN_STYLE = Automatic;
				INFOPLIST_FILE = SignUp_Sample/Info.plist;
				LD_RUNPATH_SEARCH_PATHS = "$(inherited) @executable_path/Frameworks";
				PRODUCT_BUNDLE_IDENTIFIER = "com.yschoi.SignUp-Sample";
				PRODUCT_NAME = "$(TARGET_NAME)";
				SWIFT_VERSION = 4.0;
				TARGETED_DEVICE_FAMILY = "1,2";
			};
			name = Release;
		};
/* End XCBuildConfiguration section */

/* Begin XCConfigurationList section */
		CA49BDF62038FD98007AED6D /* Build configuration list for PBXProject "SignUp_Sample" */ = {
			isa = XCConfigurationList;
			buildConfigurations = (
				CA49BE0B2038FD98007AED6D /* Debug */,
				CA49BE0C2038FD98007AED6D /* Release */,
			);
			defaultConfigurationIsVisible = 0;
			defaultConfigurationName = Release;
		};
		CA49BE0D2038FD98007AED6D /* Build configuration list for PBXNativeTarget "SignUp_Sample" */ = {
			isa = XCConfigurationList;
			buildConfigurations = (
				CA49BE0E2038FD98007AED6D /* Debug */,
				CA49BE0F2038FD98007AED6D /* Release */,
			);
			defaultConfigurationIsVisible = 0;
			defaultConfigurationName = Release;
		};
/* End XCConfigurationList section */
	};
	rootObject = CA49BDF32038FD98007AED6D /* Project object */;
}
