// !$*UTF8*$!
{
	archiveVersion = 1;
	classes = {
	};
	objectVersion = 48;
	objects = {

/* Begin PBXBuildFile section */
		CAA26CAD2015B9F4009B0B43 /* AppDelegate.swift in Sources */ = {isa = PBXBuildFile; fileRef = CAA26CAC2015B9F4009B0B43 /* AppDelegate.swift */; };
		CAA26CAF2015B9F4009B0B43 /* ViewController.swift in Sources */ = {isa = PBXBuildFile; fileRef = CAA26CAE2015B9F4009B0B43 /* ViewController.swift */; };
		CAA26CB22015B9F4009B0B43 /* Main.storyboard in Resources */ = {isa = PBXBuildFile; fileRef = CAA26CB02015B9F4009B0B43 /* Main.storyboard */; };
		CAA26CB42015B9F4009B0B43 /* Assets.xcassets in Resources */ = {isa = PBXBuildFile; fileRef = CAA26CB32015B9F4009B0B43 /* Assets.xcassets */; };
		CAA26CB72015B9F4009B0B43 /* LaunchScreen.storyboard in Resources */ = {isa = PBXBuildFile; fileRef = CAA26CB52015B9F4009B0B43 /* LaunchScreen.storyboard */; };
		CAA26CBF2015BA19009B0B43 /* Calculator.swift in Sources */ = {isa = PBXBuildFile; fileRef = CAA26CBE2015BA19009B0B43 /* Calculator.swift */; };
		CAA26CC12015BA28009B0B43 /* Person.swift in Sources */ = {isa = PBXBuildFile; fileRef = CAA26CC02015BA28009B0B43 /* Person.swift */; };
		CAA26CC32015BA44009B0B43 /* Subject.swift in Sources */ = {isa = PBXBuildFile; fileRef = CAA26CC22015BA44009B0B43 /* Subject.swift */; };
/* End PBXBuildFile section */

/* Begin PBXFileReference section */
		CAA26CA92015B9F4009B0B43 /* ClassTest.app */ = {isa = PBXFileReference; explicitFileType = wrapper.application; includeInIndex = 0; path = ClassTest.app; sourceTree = BUILT_PRODUCTS_DIR; };
		CAA26CAC2015B9F4009B0B43 /* AppDelegate.swift */ = {isa = PBXFileReference; lastKnownFileType = sourcecode.swift; path = AppDelegate.swift; sourceTree = "<group>"; };
		CAA26CAE2015B9F4009B0B43 /* ViewController.swift */ = {isa = PBXFileReference; lastKnownFileType = sourcecode.swift; path = ViewController.swift; sourceTree = "<group>"; };
		CAA26CB12015B9F4009B0B43 /* Base */ = {isa = PBXFileReference; lastKnownFileType = file.storyboard; name = Base; path = Base.lproj/Main.storyboard; sourceTree = "<group>"; };
		CAA26CB32015B9F4009B0B43 /* Assets.xcassets */ = {isa = PBXFileReference; lastKnownFileType = folder.assetcatalog; path = Assets.xcassets; sourceTree = "<group>"; };
		CAA26CB62015B9F4009B0B43 /* Base */ = {isa = PBXFileReference; lastKnownFileType = file.storyboard; name = Base; path = Base.lproj/LaunchScreen.storyboard; sourceTree = "<group>"; };
		CAA26CB82015B9F4009B0B43 /* Info.plist */ = {isa = PBXFileReference; lastKnownFileType = text.plist.xml; path = Info.plist; sourceTree = "<group>"; };
		CAA26CBE2015BA19009B0B43 /* Calculator.swift */ = {isa = PBXFileReference; lastKnownFileType = sourcecode.swift; path = Calculator.swift; sourceTree = "<group>"; };
		CAA26CC02015BA28009B0B43 /* Person.swift */ = {isa = PBXFileReference; lastKnownFileType = sourcecode.swift; path = Person.swift; sourceTree = "<group>"; };
		CAA26CC22015BA44009B0B43 /* Subject.swift */ = {isa = PBXFileReference; lastKnownFileType = sourcecode.swift; path = Subject.swift; sourceTree = "<group>"; };
/* End PBXFileReference section */

/* Begin PBXFrameworksBuildPhase section */
		CAA26CA62015B9F4009B0B43 /* Frameworks */ = {
			isa = PBXFrameworksBuildPhase;
			buildActionMask = 2147483647;
			files = (
			);
			runOnlyForDeploymentPostprocessing = 0;
		};
/* End PBXFrameworksBuildPhase section */

/* Begin PBXGroup section */
		CAA26CA02015B9F3009B0B43 = {
			isa = PBXGroup;
			children = (
				CAA26CAB2015B9F4009B0B43 /* ClassTest */,
				CAA26CAA2015B9F4009B0B43 /* Products */,
			);
			sourceTree = "<group>";
		};
		CAA26CAA2015B9F4009B0B43 /* Products */ = {
			isa = PBXGroup;
			children = (
				CAA26CA92015B9F4009B0B43 /* ClassTest.app */,
			);
			name = Products;
			sourceTree = "<group>";
		};
		CAA26CAB2015B9F4009B0B43 /* ClassTest */ = {
			isa = PBXGroup;
			children = (
				CAA26CAC2015B9F4009B0B43 /* AppDelegate.swift */,
				CAA26CAE2015B9F4009B0B43 /* ViewController.swift */,
				CAA26CB02015B9F4009B0B43 /* Main.storyboard */,
				CAA26CB32015B9F4009B0B43 /* Assets.xcassets */,
				CAA26CB52015B9F4009B0B43 /* LaunchScreen.storyboard */,
				CAA26CB82015B9F4009B0B43 /* Info.plist */,
				CAA26CBE2015BA19009B0B43 /* Calculator.swift */,
				CAA26CC02015BA28009B0B43 /* Person.swift */,
				CAA26CC22015BA44009B0B43 /* Subject.swift */,
			);
			path = ClassTest;
			sourceTree = "<group>";
		};
/* End PBXGroup section */

/* Begin PBXNativeTarget section */
		CAA26CA82015B9F4009B0B43 /* ClassTest */ = {
			isa = PBXNativeTarget;
			buildConfigurationList = CAA26CBB2015B9F4009B0B43 /* Build configuration list for PBXNativeTarget "ClassTest" */;
			buildPhases = (
				CAA26CA52015B9F4009B0B43 /* Sources */,
				CAA26CA62015B9F4009B0B43 /* Frameworks */,
				CAA26CA72015B9F4009B0B43 /* Resources */,
			);
			buildRules = (
			);
			dependencies = (
			);
			name = ClassTest;
			productName = ClassTest;
			productReference = CAA26CA92015B9F4009B0B43 /* ClassTest.app */;
			productType = "com.apple.product-type.application";
		};
/* End PBXNativeTarget section */

/* Begin PBXProject section */
		CAA26CA12015B9F3009B0B43 /* Project object */ = {
			isa = PBXProject;
			attributes = {
				LastSwiftUpdateCheck = 0920;
				LastUpgradeCheck = 0920;
				ORGANIZATIONNAME = "Yongseok Choi";
				TargetAttributes = {
					CAA26CA82015B9F4009B0B43 = {
						CreatedOnToolsVersion = 9.2;
						ProvisioningStyle = Automatic;
					};
				};
			};
			buildConfigurationList = CAA26CA42015B9F3009B0B43 /* Build configuration list for PBXProject "ClassTest" */;
			compatibilityVersion = "Xcode 8.0";
			developmentRegion = en;
			hasScannedForEncodings = 0;
			knownRegions = (
				en,
				Base,
			);
			mainGroup = CAA26CA02015B9F3009B0B43;
			productRefGroup = CAA26CAA2015B9F4009B0B43 /* Products */;
			projectDirPath = "";
			projectRoot = "";
			targets = (
				CAA26CA82015B9F4009B0B43 /* ClassTest */,
			);
		};
/* End PBXProject section */

/* Begin PBXResourcesBuildPhase section */
		CAA26CA72015B9F4009B0B43 /* Resources */ = {
			isa = PBXResourcesBuildPhase;
			buildActionMask = 2147483647;
			files = (
				CAA26CB72015B9F4009B0B43 /* LaunchScreen.storyboard in Resources */,
				CAA26CB42015B9F4009B0B43 /* Assets.xcassets in Resources */,
				CAA26CB22015B9F4009B0B43 /* Main.storyboard in Resources */,
			);
			runOnlyForDeploymentPostprocessing = 0;
		};
/* End PBXResourcesBuildPhase section */

/* Begin PBXSourcesBuildPhase section */
		CAA26CA52015B9F4009B0B43 /* Sources */ = {
			isa = PBXSourcesBuildPhase;
			buildActionMask = 2147483647;
			files = (
				CAA26CAF2015B9F4009B0B43 /* ViewController.swift in Sources */,
				CAA26CC32015BA44009B0B43 /* Subject.swift in Sources */,
				CAA26CAD2015B9F4009B0B43 /* AppDelegate.swift in Sources */,
				CAA26CC12015BA28009B0B43 /* Person.swift in Sources */,
				CAA26CBF2015BA19009B0B43 /* Calculator.swift in Sources */,
			);
			runOnlyForDeploymentPostprocessing = 0;
		};
/* End PBXSourcesBuildPhase section */

/* Begin PBXVariantGroup section */
		CAA26CB02015B9F4009B0B43 /* Main.storyboard */ = {
			isa = PBXVariantGroup;
			children = (
				CAA26CB12015B9F4009B0B43 /* Base */,
			);
			name = Main.storyboard;
			sourceTree = "<group>";
		};
		CAA26CB52015B9F4009B0B43 /* LaunchScreen.storyboard */ = {
			isa = PBXVariantGroup;
			children = (
				CAA26CB62015B9F4009B0B43 /* Base */,
			);
			name = LaunchScreen.storyboard;
			sourceTree = "<group>";
		};
/* End PBXVariantGroup section */

/* Begin XCBuildConfiguration section */
		CAA26CB92015B9F4009B0B43 /* Debug */ = {
			isa = XCBuildConfiguration;
			buildSettings = {
				ALWAYS_SEARCH_USER_PATHS = NO;
				CLANG_ANALYZER_NONNULL = YES;
				CLANG_ANALYZER_NUMBER_OBJECT_CONVERSION = YES_AGGRESSIVE;
				CLANG_CXX_LANGUAGE_STANDARD = "gnu++14";
				CLANG_CXX_LIBRARY = "libc++";
				CLANG_ENABLE_MODULES = YES;
				CLANG_ENABLE_OBJC_ARC = YES;
				CLANG_WARN_BLOCK_CAPTURE_AUTORELEASING = YES;
				CLANG_WARN_BOOL_CONVERSION = YES;
				CLANG_WARN_COMMA = YES;
				CLANG_WARN_CONSTANT_CONVERSION = YES;
				CLANG_WARN_DIRECT_OBJC_ISA_USAGE = YES_ERROR;
				CLANG_WARN_DOCUMENTATION_COMMENTS = YES;
				CLANG_WARN_EMPTY_BODY = YES;
				CLANG_WARN_ENUM_CONVERSION = YES;
				CLANG_WARN_INFINITE_RECURSION = YES;
				CLANG_WARN_INT_CONVERSION = YES;
				CLANG_WARN_NON_LITERAL_NULL_CONVERSION = YES;
				CLANG_WARN_OBJC_LITERAL_CONVERSION = YES;
				CLANG_WARN_OBJC_ROOT_CLASS = YES_ERROR;
				CLANG_WARN_RANGE_LOOP_ANALYSIS = YES;
				CLANG_WARN_STRICT_PROTOTYPES = YES;
				CLANG_WARN_SUSPICIOUS_MOVE = YES;
				CLANG_WARN_UNGUARDED_AVAILABILITY = YES_AGGRESSIVE;
				CLANG_WARN_UNREACHABLE_CODE = YES;
				CLANG_WARN__DUPLICATE_METHOD_MATCH = YES;
				CODE_SIGN_IDENTITY = "iPhone Developer";
				COPY_PHASE_STRIP = NO;
				DEBUG_INFORMATION_FORMAT = dwarf;
				ENABLE_STRICT_OBJC_MSGSEND = YES;
				ENABLE_TESTABILITY = YES;
				GCC_C_LANGUAGE_STANDARD = gnu11;
				GCC_DYNAMIC_NO_PIC = NO;
				GCC_NO_COMMON_BLOCKS = YES;
				GCC_OPTIMIZATION_LEVEL = 0;
				GCC_PREPROCESSOR_DEFINITIONS = (
					"DEBUG=1",
					"$(inherited)",
				);
				GCC_WARN_64_TO_32_BIT_CONVERSION = YES;
				GCC_WARN_ABOUT_RETURN_TYPE = YES_ERROR;
				GCC_WARN_UNDECLARED_SELECTOR = YES;
				GCC_WARN_UNINITIALIZED_AUTOS = YES_AGGRESSIVE;
				GCC_WARN_UNUSED_FUNCTION = YES;
				GCC_WARN_UNUSED_VARIABLE = YES;
				IPHONEOS_DEPLOYMENT_TARGET = 11.2;
				MTL_ENABLE_DEBUG_INFO = YES;
				ONLY_ACTIVE_ARCH = YES;
				SDKROOT = iphoneos;
				SWIFT_ACTIVE_COMPILATION_CONDITIONS = DEBUG;
				SWIFT_OPTIMIZATION_LEVEL = "-Onone";
			};
			name = Debug;
		};
		CAA26CBA2015B9F4009B0B43 /* Release */ = {
			isa = XCBuildConfiguration;
			buildSettings = {
				ALWAYS_SEARCH_USER_PATHS = NO;
				CLANG_ANALYZER_NONNULL = YES;
				CLANG_ANALYZER_NUMBER_OBJECT_CONVERSION = YES_AGGRESSIVE;
				CLANG_CXX_LANGUAGE_STANDARD = "gnu++14";
				CLANG_CXX_LIBRARY = "libc++";
				CLANG_ENABLE_MODULES = YES;
				CLANG_ENABLE_OBJC_ARC = YES;
				CLANG_WARN_BLOCK_CAPTURE_AUTORELEASING = YES;
				CLANG_WARN_BOOL_CONVERSION = YES;
				CLANG_WARN_COMMA = YES;
				CLANG_WARN_CONSTANT_CONVERSION = YES;
				CLANG_WARN_DIRECT_OBJC_ISA_USAGE = YES_ERROR;
				CLANG_WARN_DOCUMENTATION_COMMENTS = YES;
				CLANG_WARN_EMPTY_BODY = YES;
				CLANG_WARN_ENUM_CONVERSION = YES;
				CLANG_WARN_INFINITE_RECURSION = YES;
				CLANG_WARN_INT_CONVERSION = YES;
				CLANG_WARN_NON_LITERAL_NULL_CONVERSION = YES;
				CLANG_WARN_OBJC_LITERAL_CONVERSION = YES;
				CLANG_WARN_OBJC_ROOT_CLASS = YES_ERROR;
				CLANG_WARN_RANGE_LOOP_ANALYSIS = YES;
				CLANG_WARN_STRICT_PROTOTYPES = YES;
				CLANG_WARN_SUSPICIOUS_MOVE = YES;
				CLANG_WARN_UNGUARDED_AVAILABILITY = YES_AGGRESSIVE;
				CLANG_WARN_UNREACHABLE_CODE = YES;
				CLANG_WARN__DUPLICATE_METHOD_MATCH = YES;
				CODE_SIGN_IDENTITY = "iPhone Developer";
				COPY_PHASE_STRIP = NO;
				DEBUG_INFORMATION_FORMAT = "dwarf-with-dsym";
				ENABLE_NS_ASSERTIONS = NO;
				ENABLE_STRICT_OBJC_MSGSEND = YES;
				GCC_C_LANGUAGE_STANDARD = gnu11;
				GCC_NO_COMMON_BLOCKS = YES;
				GCC_WARN_64_TO_32_BIT_CONVERSION = YES;
				GCC_WARN_ABOUT_RETURN_TYPE = YES_ERROR;
				GCC_WARN_UNDECLARED_SELECTOR = YES;
				GCC_WARN_UNINITIALIZED_AUTOS = YES_AGGRESSIVE;
				GCC_WARN_UNUSED_FUNCTION = YES;
				GCC_WARN_UNUSED_VARIABLE = YES;
				IPHONEOS_DEPLOYMENT_TARGET = 11.2;
				MTL_ENABLE_DEBUG_INFO = NO;
				SDKROOT = iphoneos;
				SWIFT_OPTIMIZATION_LEVEL = "-Owholemodule";
				VALIDATE_PRODUCT = YES;
			};
			name = Release;
		};
		CAA26CBC2015B9F4009B0B43 /* Debug */ = {
			isa = XCBuildConfiguration;
			buildSettings = {
				ASSETCATALOG_COMPILER_APPICON_NAME = AppIcon;
				CODE_SIGN_STYLE = Automatic;
				INFOPLIST_FILE = ClassTest/Info.plist;
				LD_RUNPATH_SEARCH_PATHS = "$(inherited) @executable_path/Frameworks";
				PRODUCT_BUNDLE_IDENTIFIER = com.yschoi.ClassTest;
				PRODUCT_NAME = "$(TARGET_NAME)";
				SWIFT_VERSION = 4.0;
				TARGETED_DEVICE_FAMILY = "1,2";
			};
			name = Debug;
		};
		CAA26CBD2015B9F4009B0B43 /* Release */ = {
			isa = XCBuildConfiguration;
			buildSettings = {
				ASSETCATALOG_COMPILER_APPICON_NAME = AppIcon;
				CODE_SIGN_STYLE = Automatic;
				INFOPLIST_FILE = ClassTest/Info.plist;
				LD_RUNPATH_SEARCH_PATHS = "$(inherited) @executable_path/Frameworks";
				PRODUCT_BUNDLE_IDENTIFIER = com.yschoi.ClassTest;
				PRODUCT_NAME = "$(TARGET_NAME)";
				SWIFT_VERSION = 4.0;
				TARGETED_DEVICE_FAMILY = "1,2";
			};
			name = Release;
		};
/* End XCBuildConfiguration section */

/* Begin XCConfigurationList section */
		CAA26CA42015B9F3009B0B43 /* Build configuration list for PBXProject "ClassTest" */ = {
			isa = XCConfigurationList;
			buildConfigurations = (
				CAA26CB92015B9F4009B0B43 /* Debug */,
				CAA26CBA2015B9F4009B0B43 /* Release */,
			);
			defaultConfigurationIsVisible = 0;
			defaultConfigurationName = Release;
		};
		CAA26CBB2015B9F4009B0B43 /* Build configuration list for PBXNativeTarget "ClassTest" */ = {
			isa = XCConfigurationList;
			buildConfigurations = (
				CAA26CBC2015B9F4009B0B43 /* Debug */,
				CAA26CBD2015B9F4009B0B43 /* Release */,
			);
			defaultConfigurationIsVisible = 0;
			defaultConfigurationName = Release;
		};
/* End XCConfigurationList section */
	};
	rootObject = CAA26CA12015B9F3009B0B43 /* Project object */;
}
