// !$*UTF8*$!
{
	archiveVersion = 1;
	classes = {
	};
	objectVersion = 48;
	objects = {

/* Begin PBXBuildFile section */
		CA854F0B205BA85E00EC31BA /* AppDelegate.swift in Sources */ = {isa = PBXBuildFile; fileRef = CA854F0A205BA85E00EC31BA /* AppDelegate.swift */; };
		CA854F0D205BA85E00EC31BA /* ViewController.swift in Sources */ = {isa = PBXBuildFile; fileRef = CA854F0C205BA85E00EC31BA /* ViewController.swift */; };
		CA854F10205BA85E00EC31BA /* Main.storyboard in Resources */ = {isa = PBXBuildFile; fileRef = CA854F0E205BA85E00EC31BA /* Main.storyboard */; };
		CA854F12205BA85E00EC31BA /* Assets.xcassets in Resources */ = {isa = PBXBuildFile; fileRef = CA854F11205BA85E00EC31BA /* Assets.xcassets */; };
		CA854F15205BA85E00EC31BA /* LaunchScreen.storyboard in Resources */ = {isa = PBXBuildFile; fileRef = CA854F13205BA85E00EC31BA /* LaunchScreen.storyboard */; };
		CA854F1E205BAD6D00EC31BA /* Alamofire.framework in Frameworks */ = {isa = PBXBuildFile; fileRef = CA854F1D205BAD6C00EC31BA /* Alamofire.framework */; };
/* End PBXBuildFile section */

/* Begin PBXFileReference section */
		CA854F07205BA85E00EC31BA /* Carthage_Sample.app */ = {isa = PBXFileReference; explicitFileType = wrapper.application; includeInIndex = 0; path = Carthage_Sample.app; sourceTree = BUILT_PRODUCTS_DIR; };
		CA854F0A205BA85E00EC31BA /* AppDelegate.swift */ = {isa = PBXFileReference; lastKnownFileType = sourcecode.swift; path = AppDelegate.swift; sourceTree = "<group>"; };
		CA854F0C205BA85E00EC31BA /* ViewController.swift */ = {isa = PBXFileReference; lastKnownFileType = sourcecode.swift; path = ViewController.swift; sourceTree = "<group>"; };
		CA854F0F205BA85E00EC31BA /* Base */ = {isa = PBXFileReference; lastKnownFileType = file.storyboard; name = Base; path = Base.lproj/Main.storyboard; sourceTree = "<group>"; };
		CA854F11205BA85E00EC31BA /* Assets.xcassets */ = {isa = PBXFileReference; lastKnownFileType = folder.assetcatalog; path = Assets.xcassets; sourceTree = "<group>"; };
		CA854F14205BA85E00EC31BA /* Base */ = {isa = PBXFileReference; lastKnownFileType = file.storyboard; name = Base; path = Base.lproj/LaunchScreen.storyboard; sourceTree = "<group>"; };
		CA854F16205BA85E00EC31BA /* Info.plist */ = {isa = PBXFileReference; lastKnownFileType = text.plist.xml; path = Info.plist; sourceTree = "<group>"; };
		CA854F1D205BAD6C00EC31BA /* Alamofire.framework */ = {isa = PBXFileReference; lastKnownFileType = wrapper.framework; name = Alamofire.framework; path = Carthage/Build/iOS/Alamofire.framework; sourceTree = "<group>"; };
/* End PBXFileReference section */

/* Begin PBXFrameworksBuildPhase section */
		CA854F04205BA85E00EC31BA /* Frameworks */ = {
			isa = PBXFrameworksBuildPhase;
			buildActionMask = 2147483647;
			files = (
				CA854F1E205BAD6D00EC31BA /* Alamofire.framework in Frameworks */,
			);
			runOnlyForDeploymentPostprocessing = 0;
		};
/* End PBXFrameworksBuildPhase section */

/* Begin PBXGroup section */
		CA854EFE205BA85E00EC31BA = {
			isa = PBXGroup;
			children = (
				CA854F09205BA85E00EC31BA /* Carthage_Sample */,
				CA854F08205BA85E00EC31BA /* Products */,
				CA854F1C205BAD6C00EC31BA /* Frameworks */,
			);
			sourceTree = "<group>";
		};
		CA854F08205BA85E00EC31BA /* Products */ = {
			isa = PBXGroup;
			children = (
				CA854F07205BA85E00EC31BA /* Carthage_Sample.app */,
			);
			name = Products;
			sourceTree = "<group>";
		};
		CA854F09205BA85E00EC31BA /* Carthage_Sample */ = {
			isa = PBXGroup;
			children = (
				CA854F0A205BA85E00EC31BA /* AppDelegate.swift */,
				CA854F0C205BA85E00EC31BA /* ViewController.swift */,
				CA854F0E205BA85E00EC31BA /* Main.storyboard */,
				CA854F11205BA85E00EC31BA /* Assets.xcassets */,
				CA854F13205BA85E00EC31BA /* LaunchScreen.storyboard */,
				CA854F16205BA85E00EC31BA /* Info.plist */,
			);
			path = Carthage_Sample;
			sourceTree = "<group>";
		};
		CA854F1C205BAD6C00EC31BA /* Frameworks */ = {
			isa = PBXGroup;
			children = (
				CA854F1D205BAD6C00EC31BA /* Alamofire.framework */,
			);
			name = Frameworks;
			sourceTree = "<group>";
		};
/* End PBXGroup section */

/* Begin PBXNativeTarget section */
		CA854F06205BA85E00EC31BA /* Carthage_Sample */ = {
			isa = PBXNativeTarget;
			buildConfigurationList = CA854F19205BA85E00EC31BA /* Build configuration list for PBXNativeTarget "Carthage_Sample" */;
			buildPhases = (
				CA854F03205BA85E00EC31BA /* Sources */,
				CA854F04205BA85E00EC31BA /* Frameworks */,
				CA854F05205BA85E00EC31BA /* Resources */,
				CA854F1F205BAD7100EC31BA /* ShellScript */,
			);
			buildRules = (
			);
			dependencies = (
			);
			name = Carthage_Sample;
			productName = Carthage_Sample;
			productReference = CA854F07205BA85E00EC31BA /* Carthage_Sample.app */;
			productType = "com.apple.product-type.application";
		};
/* End PBXNativeTarget section */

/* Begin PBXProject section */
		CA854EFF205BA85E00EC31BA /* Project object */ = {
			isa = PBXProject;
			attributes = {
				LastSwiftUpdateCheck = 0920;
				LastUpgradeCheck = 0920;
				ORGANIZATIONNAME = "Yongseok Choi";
				TargetAttributes = {
					CA854F06205BA85E00EC31BA = {
						CreatedOnToolsVersion = 9.2;
						ProvisioningStyle = Automatic;
					};
				};
			};
			buildConfigurationList = CA854F02205BA85E00EC31BA /* Build configuration list for PBXProject "Carthage_Sample" */;
			compatibilityVersion = "Xcode 8.0";
			developmentRegion = en;
			hasScannedForEncodings = 0;
			knownRegions = (
				en,
				Base,
			);
			mainGroup = CA854EFE205BA85E00EC31BA;
			productRefGroup = CA854F08205BA85E00EC31BA /* Products */;
			projectDirPath = "";
			projectRoot = "";
			targets = (
				CA854F06205BA85E00EC31BA /* Carthage_Sample */,
			);
		};
/* End PBXProject section */

/* Begin PBXResourcesBuildPhase section */
		CA854F05205BA85E00EC31BA /* Resources */ = {
			isa = PBXResourcesBuildPhase;
			buildActionMask = 2147483647;
			files = (
				CA854F15205BA85E00EC31BA /* LaunchScreen.storyboard in Resources */,
				CA854F12205BA85E00EC31BA /* Assets.xcassets in Resources */,
				CA854F10205BA85E00EC31BA /* Main.storyboard in Resources */,
			);
			runOnlyForDeploymentPostprocessing = 0;
		};
/* End PBXResourcesBuildPhase section */

/* Begin PBXShellScriptBuildPhase section */
		CA854F1F205BAD7100EC31BA /* ShellScript */ = {
			isa = PBXShellScriptBuildPhase;
			buildActionMask = 2147483647;
			files = (
			);
			inputPaths = (
				"$(SRCROOT)/Carthage/Build/iOS/Alamofire.framework",
			);
			outputPaths = (
			);
			runOnlyForDeploymentPostprocessing = 0;
			shellPath = /bin/sh;
			shellScript = "/usr/local/bin/carthage copy-frameworks";
		};
/* End PBXShellScriptBuildPhase section */

/* Begin PBXSourcesBuildPhase section */
		CA854F03205BA85E00EC31BA /* Sources */ = {
			isa = PBXSourcesBuildPhase;
			buildActionMask = 2147483647;
			files = (
				CA854F0D205BA85E00EC31BA /* ViewController.swift in Sources */,
				CA854F0B205BA85E00EC31BA /* AppDelegate.swift in Sources */,
			);
			runOnlyForDeploymentPostprocessing = 0;
		};
/* End PBXSourcesBuildPhase section */

/* Begin PBXVariantGroup section */
		CA854F0E205BA85E00EC31BA /* Main.storyboard */ = {
			isa = PBXVariantGroup;
			children = (
				CA854F0F205BA85E00EC31BA /* Base */,
			);
			name = Main.storyboard;
			sourceTree = "<group>";
		};
		CA854F13205BA85E00EC31BA /* LaunchScreen.storyboard */ = {
			isa = PBXVariantGroup;
			children = (
				CA854F14205BA85E00EC31BA /* Base */,
			);
			name = LaunchScreen.storyboard;
			sourceTree = "<group>";
		};
/* End PBXVariantGroup section */

/* Begin XCBuildConfiguration section */
		CA854F17205BA85E00EC31BA /* Debug */ = {
			isa = XCBuildConfiguration;
			buildSettings = {
				ALWAYS_SEARCH_USER_PATHS = NO;
				CLANG_ANALYZER_NONNULL = YES;
				CLANG_ANALYZER_NUMBER_OBJECT_CONVERSION = YES_AGGRESSIVE;
				CLANG_CXX_LANGUAGE_STANDARD = "gnu++14";
				CLANG_CXX_LIBRARY = "libc++";
				CLANG_ENABLE_MODULES = YES;
				CLANG_ENABLE_OBJC_ARC = YES;
				CLANG_WARN_BLOCK_CAPTURE_AUTORELEASING = YES;
				CLANG_WARN_BOOL_CONVERSION = YES;
				CLANG_WARN_COMMA = YES;
				CLANG_WARN_CONSTANT_CONVERSION = YES;
				CLANG_WARN_DIRECT_OBJC_ISA_USAGE = YES_ERROR;
				CLANG_WARN_DOCUMENTATION_COMMENTS = YES;
				CLANG_WARN_EMPTY_BODY = YES;
				CLANG_WARN_ENUM_CONVERSION = YES;
				CLANG_WARN_INFINITE_RECURSION = YES;
				CLANG_WARN_INT_CONVERSION = YES;
				CLANG_WARN_NON_LITERAL_NULL_CONVERSION = YES;
				CLANG_WARN_OBJC_LITERAL_CONVERSION = YES;
				CLANG_WARN_OBJC_ROOT_CLASS = YES_ERROR;
				CLANG_WARN_RANGE_LOOP_ANALYSIS = YES;
				CLANG_WARN_STRICT_PROTOTYPES = YES;
				CLANG_WARN_SUSPICIOUS_MOVE = YES;
				CLANG_WARN_UNGUARDED_AVAILABILITY = YES_AGGRESSIVE;
				CLANG_WARN_UNREACHABLE_CODE = YES;
				CLANG_WARN__DUPLICATE_METHOD_MATCH = YES;
				CODE_SIGN_IDENTITY = "iPhone Developer";
				COPY_PHASE_STRIP = NO;
				DEBUG_INFORMATION_FORMAT = dwarf;
				ENABLE_STRICT_OBJC_MSGSEND = YES;
				ENABLE_TESTABILITY = YES;
				GCC_C_LANGUAGE_STANDARD = gnu11;
				GCC_DYNAMIC_NO_PIC = NO;
				GCC_NO_COMMON_BLOCKS = YES;
				GCC_OPTIMIZATION_LEVEL = 0;
				GCC_PREPROCESSOR_DEFINITIONS = (
					"DEBUG=1",
					"$(inherited)",
				);
				GCC_WARN_64_TO_32_BIT_CONVERSION = YES;
				GCC_WARN_ABOUT_RETURN_TYPE = YES_ERROR;
				GCC_WARN_UNDECLARED_SELECTOR = YES;
				GCC_WARN_UNINITIALIZED_AUTOS = YES_AGGRESSIVE;
				GCC_WARN_UNUSED_FUNCTION = YES;
				GCC_WARN_UNUSED_VARIABLE = YES;
				IPHONEOS_DEPLOYMENT_TARGET = 11.2;
				MTL_ENABLE_DEBUG_INFO = YES;
				ONLY_ACTIVE_ARCH = YES;
				SDKROOT = iphoneos;
				SWIFT_ACTIVE_COMPILATION_CONDITIONS = DEBUG;
				SWIFT_OPTIMIZATION_LEVEL = "-Onone";
			};
			name = Debug;
		};
		CA854F18205BA85E00EC31BA /* Release */ = {
			isa = XCBuildConfiguration;
			buildSettings = {
				ALWAYS_SEARCH_USER_PATHS = NO;
				CLANG_ANALYZER_NONNULL = YES;
				CLANG_ANALYZER_NUMBER_OBJECT_CONVERSION = YES_AGGRESSIVE;
				CLANG_CXX_LANGUAGE_STANDARD = "gnu++14";
				CLANG_CXX_LIBRARY = "libc++";
				CLANG_ENABLE_MODULES = YES;
				CLANG_ENABLE_OBJC_ARC = YES;
				CLANG_WARN_BLOCK_CAPTURE_AUTORELEASING = YES;
				CLANG_WARN_BOOL_CONVERSION = YES;
				CLANG_WARN_COMMA = YES;
				CLANG_WARN_CONSTANT_CONVERSION = YES;
				CLANG_WARN_DIRECT_OBJC_ISA_USAGE = YES_ERROR;
				CLANG_WARN_DOCUMENTATION_COMMENTS = YES;
				CLANG_WARN_EMPTY_BODY = YES;
				CLANG_WARN_ENUM_CONVERSION = YES;
				CLANG_WARN_INFINITE_RECURSION = YES;
				CLANG_WARN_INT_CONVERSION = YES;
				CLANG_WARN_NON_LITERAL_NULL_CONVERSION = YES;
				CLANG_WARN_OBJC_LITERAL_CONVERSION = YES;
				CLANG_WARN_OBJC_ROOT_CLASS = YES_ERROR;
				CLANG_WARN_RANGE_LOOP_ANALYSIS = YES;
				CLANG_WARN_STRICT_PROTOTYPES = YES;
				CLANG_WARN_SUSPICIOUS_MOVE = YES;
				CLANG_WARN_UNGUARDED_AVAILABILITY = YES_AGGRESSIVE;
				CLANG_WARN_UNREACHABLE_CODE = YES;
				CLANG_WARN__DUPLICATE_METHOD_MATCH = YES;
				CODE_SIGN_IDENTITY = "iPhone Developer";
				COPY_PHASE_STRIP = NO;
				DEBUG_INFORMATION_FORMAT = "dwarf-with-dsym";
				ENABLE_NS_ASSERTIONS = NO;
				ENABLE_STRICT_OBJC_MSGSEND = YES;
				GCC_C_LANGUAGE_STANDARD = gnu11;
				GCC_NO_COMMON_BLOCKS = YES;
				GCC_WARN_64_TO_32_BIT_CONVERSION = YES;
				GCC_WARN_ABOUT_RETURN_TYPE = YES_ERROR;
				GCC_WARN_UNDECLARED_SELECTOR = YES;
				GCC_WARN_UNINITIALIZED_AUTOS = YES_AGGRESSIVE;
				GCC_WARN_UNUSED_FUNCTION = YES;
				GCC_WARN_UNUSED_VARIABLE = YES;
				IPHONEOS_DEPLOYMENT_TARGET = 11.2;
				MTL_ENABLE_DEBUG_INFO = NO;
				SDKROOT = iphoneos;
				SWIFT_OPTIMIZATION_LEVEL = "-Owholemodule";
				VALIDATE_PRODUCT = YES;
			};
			name = Release;
		};
		CA854F1A205BA85E00EC31BA /* Debug */ = {
			isa = XCBuildConfiguration;
			buildSettings = {
				ASSETCATALOG_COMPILER_APPICON_NAME = AppIcon;
				CODE_SIGN_STYLE = Automatic;
				FRAMEWORK_SEARCH_PATHS = (
					"$(inherited)",
					"$(PROJECT_DIR)/Carthage/Build/iOS",
				);
				INFOPLIST_FILE = Carthage_Sample/Info.plist;
				LD_RUNPATH_SEARCH_PATHS = "$(inherited) @executable_path/Frameworks";
				PRODUCT_BUNDLE_IDENTIFIER = "com.yschoi.Carthage-Sample";
				PRODUCT_NAME = "$(TARGET_NAME)";
				SWIFT_VERSION = 4.0;
				TARGETED_DEVICE_FAMILY = "1,2";
			};
			name = Debug;
		};
		CA854F1B205BA85E00EC31BA /* Release */ = {
			isa = XCBuildConfiguration;
			buildSettings = {
				ASSETCATALOG_COMPILER_APPICON_NAME = AppIcon;
				CODE_SIGN_STYLE = Automatic;
				FRAMEWORK_SEARCH_PATHS = (
					"$(inherited)",
					"$(PROJECT_DIR)/Carthage/Build/iOS",
				);
				INFOPLIST_FILE = Carthage_Sample/Info.plist;
				LD_RUNPATH_SEARCH_PATHS = "$(inherited) @executable_path/Frameworks";
				PRODUCT_BUNDLE_IDENTIFIER = "com.yschoi.Carthage-Sample";
				PRODUCT_NAME = "$(TARGET_NAME)";
				SWIFT_VERSION = 4.0;
				TARGETED_DEVICE_FAMILY = "1,2";
			};
			name = Release;
		};
/* End XCBuildConfiguration section */

/* Begin XCConfigurationList section */
		CA854F02205BA85E00EC31BA /* Build configuration list for PBXProject "Carthage_Sample" */ = {
			isa = XCConfigurationList;
			buildConfigurations = (
				CA854F17205BA85E00EC31BA /* Debug */,
				CA854F18205BA85E00EC31BA /* Release */,
			);
			defaultConfigurationIsVisible = 0;
			defaultConfigurationName = Release;
		};
		CA854F19205BA85E00EC31BA /* Build configuration list for PBXNativeTarget "Carthage_Sample" */ = {
			isa = XCConfigurationList;
			buildConfigurations = (
				CA854F1A205BA85E00EC31BA /* Debug */,
				CA854F1B205BA85E00EC31BA /* Release */,
			);
			defaultConfigurationIsVisible = 0;
			defaultConfigurationName = Release;
		};
/* End XCConfigurationList section */
	};
	rootObject = CA854EFF205BA85E00EC31BA /* Project object */;
}
