// !$*UTF8*$!
{
	archiveVersion = 1;
	classes = {
	};
	objectVersion = 48;
	objects = {

/* Begin PBXBuildFile section */
		CAB93AD3200C837700D7DCEC /* AppDelegate.swift in Sources */ = {isa = PBXBuildFile; fileRef = CAB93AD2200C837700D7DCEC /* AppDelegate.swift */; };
		CAB93AD5200C837700D7DCEC /* ViewController.swift in Sources */ = {isa = PBXBuildFile; fileRef = CAB93AD4200C837700D7DCEC /* ViewController.swift */; };
		CAB93AD8200C837700D7DCEC /* Main.storyboard in Resources */ = {isa = PBXBuildFile; fileRef = CAB93AD6200C837700D7DCEC /* Main.storyboard */; };
		CAB93ADA200C837700D7DCEC /* Assets.xcassets in Resources */ = {isa = PBXBuildFile; fileRef = CAB93AD9200C837700D7DCEC /* Assets.xcassets */; };
		CAB93ADD200C837700D7DCEC /* LaunchScreen.storyboard in Resources */ = {isa = PBXBuildFile; fileRef = CAB93ADB200C837700D7DCEC /* LaunchScreen.storyboard */; };
		CAB93AE5200C85A500D7DCEC /* ToolBox.swift in Sources */ = {isa = PBXBuildFile; fileRef = CAB93AE4200C85A500D7DCEC /* ToolBox.swift */; };
/* End PBXBuildFile section */

/* Begin PBXFileReference section */
		CAB93ACF200C837700D7DCEC /* Tool_Box.app */ = {isa = PBXFileReference; explicitFileType = wrapper.application; includeInIndex = 0; path = Tool_Box.app; sourceTree = BUILT_PRODUCTS_DIR; };
		CAB93AD2200C837700D7DCEC /* AppDelegate.swift */ = {isa = PBXFileReference; lastKnownFileType = sourcecode.swift; path = AppDelegate.swift; sourceTree = "<group>"; };
		CAB93AD4200C837700D7DCEC /* ViewController.swift */ = {isa = PBXFileReference; lastKnownFileType = sourcecode.swift; path = ViewController.swift; sourceTree = "<group>"; };
		CAB93AD7200C837700D7DCEC /* Base */ = {isa = PBXFileReference; lastKnownFileType = file.storyboard; name = Base; path = Base.lproj/Main.storyboard; sourceTree = "<group>"; };
		CAB93AD9200C837700D7DCEC /* Assets.xcassets */ = {isa = PBXFileReference; lastKnownFileType = folder.assetcatalog; path = Assets.xcassets; sourceTree = "<group>"; };
		CAB93ADC200C837700D7DCEC /* Base */ = {isa = PBXFileReference; lastKnownFileType = file.storyboard; name = Base; path = Base.lproj/LaunchScreen.storyboard; sourceTree = "<group>"; };
		CAB93ADE200C837700D7DCEC /* Info.plist */ = {isa = PBXFileReference; lastKnownFileType = text.plist.xml; path = Info.plist; sourceTree = "<group>"; };
		CAB93AE4200C85A500D7DCEC /* ToolBox.swift */ = {isa = PBXFileReference; lastKnownFileType = sourcecode.swift; path = ToolBox.swift; sourceTree = "<group>"; };
/* End PBXFileReference section */

/* Begin PBXFrameworksBuildPhase section */
		CAB93ACC200C837700D7DCEC /* Frameworks */ = {
			isa = PBXFrameworksBuildPhase;
			buildActionMask = 2147483647;
			files = (
			);
			runOnlyForDeploymentPostprocessing = 0;
		};
/* End PBXFrameworksBuildPhase section */

/* Begin PBXGroup section */
		CAB93AC6200C837700D7DCEC = {
			isa = PBXGroup;
			children = (
				CAB93AD1200C837700D7DCEC /* Tool_Box */,
				CAB93AD0200C837700D7DCEC /* Products */,
			);
			sourceTree = "<group>";
		};
		CAB93AD0200C837700D7DCEC /* Products */ = {
			isa = PBXGroup;
			children = (
				CAB93ACF200C837700D7DCEC /* Tool_Box.app */,
			);
			name = Products;
			sourceTree = "<group>";
		};
		CAB93AD1200C837700D7DCEC /* Tool_Box */ = {
			isa = PBXGroup;
			children = (
				CAB93AD2200C837700D7DCEC /* AppDelegate.swift */,
				CAB93AD4200C837700D7DCEC /* ViewController.swift */,
				CAB93AE4200C85A500D7DCEC /* ToolBox.swift */,
				CAB93AD6200C837700D7DCEC /* Main.storyboard */,
				CAB93AD9200C837700D7DCEC /* Assets.xcassets */,
				CAB93ADB200C837700D7DCEC /* LaunchScreen.storyboard */,
				CAB93ADE200C837700D7DCEC /* Info.plist */,
			);
			path = Tool_Box;
			sourceTree = "<group>";
		};
/* End PBXGroup section */

/* Begin PBXNativeTarget section */
		CAB93ACE200C837700D7DCEC /* Tool_Box */ = {
			isa = PBXNativeTarget;
			buildConfigurationList = CAB93AE1200C837700D7DCEC /* Build configuration list for PBXNativeTarget "Tool_Box" */;
			buildPhases = (
				CAB93ACB200C837700D7DCEC /* Sources */,
				CAB93ACC200C837700D7DCEC /* Frameworks */,
				CAB93ACD200C837700D7DCEC /* Resources */,
			);
			buildRules = (
			);
			dependencies = (
			);
			name = Tool_Box;
			productName = Tool_Box;
			productReference = CAB93ACF200C837700D7DCEC /* Tool_Box.app */;
			productType = "com.apple.product-type.application";
		};
/* End PBXNativeTarget section */

/* Begin PBXProject section */
		CAB93AC7200C837700D7DCEC /* Project object */ = {
			isa = PBXProject;
			attributes = {
				LastSwiftUpdateCheck = 0920;
				LastUpgradeCheck = 0920;
				ORGANIZATIONNAME = "Yongseok Choi";
				TargetAttributes = {
					CAB93ACE200C837700D7DCEC = {
						CreatedOnToolsVersion = 9.2;
						ProvisioningStyle = Automatic;
					};
				};
			};
			buildConfigurationList = CAB93ACA200C837700D7DCEC /* Build configuration list for PBXProject "Tool_Box" */;
			compatibilityVersion = "Xcode 8.0";
			developmentRegion = en;
			hasScannedForEncodings = 0;
			knownRegions = (
				en,
				Base,
			);
			mainGroup = CAB93AC6200C837700D7DCEC;
			productRefGroup = CAB93AD0200C837700D7DCEC /* Products */;
			projectDirPath = "";
			projectRoot = "";
			targets = (
				CAB93ACE200C837700D7DCEC /* Tool_Box */,
			);
		};
/* End PBXProject section */

/* Begin PBXResourcesBuildPhase section */
		CAB93ACD200C837700D7DCEC /* Resources */ = {
			isa = PBXResourcesBuildPhase;
			buildActionMask = 2147483647;
			files = (
				CAB93ADD200C837700D7DCEC /* LaunchScreen.storyboard in Resources */,
				CAB93ADA200C837700D7DCEC /* Assets.xcassets in Resources */,
				CAB93AD8200C837700D7DCEC /* Main.storyboard in Resources */,
			);
			runOnlyForDeploymentPostprocessing = 0;
		};
/* End PBXResourcesBuildPhase section */

/* Begin PBXSourcesBuildPhase section */
		CAB93ACB200C837700D7DCEC /* Sources */ = {
			isa = PBXSourcesBuildPhase;
			buildActionMask = 2147483647;
			files = (
				CAB93AD5200C837700D7DCEC /* ViewController.swift in Sources */,
				CAB93AD3200C837700D7DCEC /* AppDelegate.swift in Sources */,
				CAB93AE5200C85A500D7DCEC /* ToolBox.swift in Sources */,
			);
			runOnlyForDeploymentPostprocessing = 0;
		};
/* End PBXSourcesBuildPhase section */

/* Begin PBXVariantGroup section */
		CAB93AD6200C837700D7DCEC /* Main.storyboard */ = {
			isa = PBXVariantGroup;
			children = (
				CAB93AD7200C837700D7DCEC /* Base */,
			);
			name = Main.storyboard;
			sourceTree = "<group>";
		};
		CAB93ADB200C837700D7DCEC /* LaunchScreen.storyboard */ = {
			isa = PBXVariantGroup;
			children = (
				CAB93ADC200C837700D7DCEC /* Base */,
			);
			name = LaunchScreen.storyboard;
			sourceTree = "<group>";
		};
/* End PBXVariantGroup section */

/* Begin XCBuildConfiguration section */
		CAB93ADF200C837700D7DCEC /* Debug */ = {
			isa = XCBuildConfiguration;
			buildSettings = {
				ALWAYS_SEARCH_USER_PATHS = NO;
				CLANG_ANALYZER_NONNULL = YES;
				CLANG_ANALYZER_NUMBER_OBJECT_CONVERSION = YES_AGGRESSIVE;
				CLANG_CXX_LANGUAGE_STANDARD = "gnu++14";
				CLANG_CXX_LIBRARY = "libc++";
				CLANG_ENABLE_MODULES = YES;
				CLANG_ENABLE_OBJC_ARC = YES;
				CLANG_WARN_BLOCK_CAPTURE_AUTORELEASING = YES;
				CLANG_WARN_BOOL_CONVERSION = YES;
				CLANG_WARN_COMMA = YES;
				CLANG_WARN_CONSTANT_CONVERSION = YES;
				CLANG_WARN_DIRECT_OBJC_ISA_USAGE = YES_ERROR;
				CLANG_WARN_DOCUMENTATION_COMMENTS = YES;
				CLANG_WARN_EMPTY_BODY = YES;
				CLANG_WARN_ENUM_CONVERSION = YES;
				CLANG_WARN_INFINITE_RECURSION = YES;
				CLANG_WARN_INT_CONVERSION = YES;
				CLANG_WARN_NON_LITERAL_NULL_CONVERSION = YES;
				CLANG_WARN_OBJC_LITERAL_CONVERSION = YES;
				CLANG_WARN_OBJC_ROOT_CLASS = YES_ERROR;
				CLANG_WARN_RANGE_LOOP_ANALYSIS = YES;
				CLANG_WARN_STRICT_PROTOTYPES = YES;
				CLANG_WARN_SUSPICIOUS_MOVE = YES;
				CLANG_WARN_UNGUARDED_AVAILABILITY = YES_AGGRESSIVE;
				CLANG_WARN_UNREACHABLE_CODE = YES;
				CLANG_WARN__DUPLICATE_METHOD_MATCH = YES;
				CODE_SIGN_IDENTITY = "iPhone Developer";
				COPY_PHASE_STRIP = NO;
				DEBUG_INFORMATION_FORMAT = dwarf;
				ENABLE_STRICT_OBJC_MSGSEND = YES;
				ENABLE_TESTABILITY = YES;
				GCC_C_LANGUAGE_STANDARD = gnu11;
				GCC_DYNAMIC_NO_PIC = NO;
				GCC_NO_COMMON_BLOCKS = YES;
				GCC_OPTIMIZATION_LEVEL = 0;
				GCC_PREPROCESSOR_DEFINITIONS = (
					"DEBUG=1",
					"$(inherited)",
				);
				GCC_WARN_64_TO_32_BIT_CONVERSION = YES;
				GCC_WARN_ABOUT_RETURN_TYPE = YES_ERROR;
				GCC_WARN_UNDECLARED_SELECTOR = YES;
				GCC_WARN_UNINITIALIZED_AUTOS = YES_AGGRESSIVE;
				GCC_WARN_UNUSED_FUNCTION = YES;
				GCC_WARN_UNUSED_VARIABLE = YES;
				IPHONEOS_DEPLOYMENT_TARGET = 11.2;
				MTL_ENABLE_DEBUG_INFO = YES;
				ONLY_ACTIVE_ARCH = YES;
				SDKROOT = iphoneos;
				SWIFT_ACTIVE_COMPILATION_CONDITIONS = DEBUG;
				SWIFT_OPTIMIZATION_LEVEL = "-Onone";
			};
			name = Debug;
		};
		CAB93AE0200C837700D7DCEC /* Release */ = {
			isa = XCBuildConfiguration;
			buildSettings = {
				ALWAYS_SEARCH_USER_PATHS = NO;
				CLANG_ANALYZER_NONNULL = YES;
				CLANG_ANALYZER_NUMBER_OBJECT_CONVERSION = YES_AGGRESSIVE;
				CLANG_CXX_LANGUAGE_STANDARD = "gnu++14";
				CLANG_CXX_LIBRARY = "libc++";
				CLANG_ENABLE_MODULES = YES;
				CLANG_ENABLE_OBJC_ARC = YES;
				CLANG_WARN_BLOCK_CAPTURE_AUTORELEASING = YES;
				CLANG_WARN_BOOL_CONVERSION = YES;
				CLANG_WARN_COMMA = YES;
				CLANG_WARN_CONSTANT_CONVERSION = YES;
				CLANG_WARN_DIRECT_OBJC_ISA_USAGE = YES_ERROR;
				CLANG_WARN_DOCUMENTATION_COMMENTS = YES;
				CLANG_WARN_EMPTY_BODY = YES;
				CLANG_WARN_ENUM_CONVERSION = YES;
				CLANG_WARN_INFINITE_RECURSION = YES;
				CLANG_WARN_INT_CONVERSION = YES;
				CLANG_WARN_NON_LITERAL_NULL_CONVERSION = YES;
				CLANG_WARN_OBJC_LITERAL_CONVERSION = YES;
				CLANG_WARN_OBJC_ROOT_CLASS = YES_ERROR;
				CLANG_WARN_RANGE_LOOP_ANALYSIS = YES;
				CLANG_WARN_STRICT_PROTOTYPES = YES;
				CLANG_WARN_SUSPICIOUS_MOVE = YES;
				CLANG_WARN_UNGUARDED_AVAILABILITY = YES_AGGRESSIVE;
				CLANG_WARN_UNREACHABLE_CODE = YES;
				CLANG_WARN__DUPLICATE_METHOD_MATCH = YES;
				CODE_SIGN_IDENTITY = "iPhone Developer";
				COPY_PHASE_STRIP = NO;
				DEBUG_INFORMATION_FORMAT = "dwarf-with-dsym";
				ENABLE_NS_ASSERTIONS = NO;
				ENABLE_STRICT_OBJC_MSGSEND = YES;
				GCC_C_LANGUAGE_STANDARD = gnu11;
				GCC_NO_COMMON_BLOCKS = YES;
				GCC_WARN_64_TO_32_BIT_CONVERSION = YES;
				GCC_WARN_ABOUT_RETURN_TYPE = YES_ERROR;
				GCC_WARN_UNDECLARED_SELECTOR = YES;
				GCC_WARN_UNINITIALIZED_AUTOS = YES_AGGRESSIVE;
				GCC_WARN_UNUSED_FUNCTION = YES;
				GCC_WARN_UNUSED_VARIABLE = YES;
				IPHONEOS_DEPLOYMENT_TARGET = 11.2;
				MTL_ENABLE_DEBUG_INFO = NO;
				SDKROOT = iphoneos;
				SWIFT_OPTIMIZATION_LEVEL = "-Owholemodule";
				VALIDATE_PRODUCT = YES;
			};
			name = Release;
		};
		CAB93AE2200C837700D7DCEC /* Debug */ = {
			isa = XCBuildConfiguration;
			buildSettings = {
				ASSETCATALOG_COMPILER_APPICON_NAME = AppIcon;
				CODE_SIGN_STYLE = Automatic;
				INFOPLIST_FILE = Tool_Box/Info.plist;
				LD_RUNPATH_SEARCH_PATHS = "$(inherited) @executable_path/Frameworks";
				PRODUCT_BUNDLE_IDENTIFIER = "com.yschoi.Tool-Box";
				PRODUCT_NAME = "$(TARGET_NAME)";
				SWIFT_VERSION = 4.0;
				TARGETED_DEVICE_FAMILY = "1,2";
			};
			name = Debug;
		};
		CAB93AE3200C837700D7DCEC /* Release */ = {
			isa = XCBuildConfiguration;
			buildSettings = {
				ASSETCATALOG_COMPILER_APPICON_NAME = AppIcon;
				CODE_SIGN_STYLE = Automatic;
				INFOPLIST_FILE = Tool_Box/Info.plist;
				LD_RUNPATH_SEARCH_PATHS = "$(inherited) @executable_path/Frameworks";
				PRODUCT_BUNDLE_IDENTIFIER = "com.yschoi.Tool-Box";
				PRODUCT_NAME = "$(TARGET_NAME)";
				SWIFT_VERSION = 4.0;
				TARGETED_DEVICE_FAMILY = "1,2";
			};
			name = Release;
		};
/* End XCBuildConfiguration section */

/* Begin XCConfigurationList section */
		CAB93ACA200C837700D7DCEC /* Build configuration list for PBXProject "Tool_Box" */ = {
			isa = XCConfigurationList;
			buildConfigurations = (
				CAB93ADF200C837700D7DCEC /* Debug */,
				CAB93AE0200C837700D7DCEC /* Release */,
			);
			defaultConfigurationIsVisible = 0;
			defaultConfigurationName = Release;
		};
		CAB93AE1200C837700D7DCEC /* Build configuration list for PBXNativeTarget "Tool_Box" */ = {
			isa = XCConfigurationList;
			buildConfigurations = (
				CAB93AE2200C837700D7DCEC /* Debug */,
				CAB93AE3200C837700D7DCEC /* Release */,
			);
			defaultConfigurationIsVisible = 0;
			defaultConfigurationName = Release;
		};
/* End XCConfigurationList section */
	};
	rootObject = CAB93AC7200C837700D7DCEC /* Project object */;
}
