// !$*UTF8*$!
{
	archiveVersion = 1;
	classes = {
	};
	objectVersion = 48;
	objects = {

/* Begin PBXBuildFile section */
		CA66B8952008559E00FEAAC7 /* AppDelegate.swift in Sources */ = {isa = PBXBuildFile; fileRef = CA66B8942008559E00FEAAC7 /* AppDelegate.swift */; };
		CA66B8972008559E00FEAAC7 /* ViewController.swift in Sources */ = {isa = PBXBuildFile; fileRef = CA66B8962008559E00FEAAC7 /* ViewController.swift */; };
		CA66B89A2008559E00FEAAC7 /* Main.storyboard in Resources */ = {isa = PBXBuildFile; fileRef = CA66B8982008559E00FEAAC7 /* Main.storyboard */; };
		CA66B89C2008559E00FEAAC7 /* Assets.xcassets in Resources */ = {isa = PBXBuildFile; fileRef = CA66B89B2008559E00FEAAC7 /* Assets.xcassets */; };
		CA66B89F2008559E00FEAAC7 /* LaunchScreen.storyboard in Resources */ = {isa = PBXBuildFile; fileRef = CA66B89D2008559E00FEAAC7 /* LaunchScreen.storyboard */; };
/* End PBXBuildFile section */

/* Begin PBXFileReference section */
		CA66B8912008559E00FEAAC7 /* FollowingDevelopmentOfCalculator.app */ = {isa = PBXFileReference; explicitFileType = wrapper.application; includeInIndex = 0; path = FollowingDevelopmentOfCalculator.app; sourceTree = BUILT_PRODUCTS_DIR; };
		CA66B8942008559E00FEAAC7 /* AppDelegate.swift */ = {isa = PBXFileReference; lastKnownFileType = sourcecode.swift; path = AppDelegate.swift; sourceTree = "<group>"; };
		CA66B8962008559E00FEAAC7 /* ViewController.swift */ = {isa = PBXFileReference; lastKnownFileType = sourcecode.swift; path = ViewController.swift; sourceTree = "<group>"; };
		CA66B8992008559E00FEAAC7 /* Base */ = {isa = PBXFileReference; lastKnownFileType = file.storyboard; name = Base; path = Base.lproj/Main.storyboard; sourceTree = "<group>"; };
		CA66B89B2008559E00FEAAC7 /* Assets.xcassets */ = {isa = PBXFileReference; lastKnownFileType = folder.assetcatalog; path = Assets.xcassets; sourceTree = "<group>"; };
		CA66B89E2008559E00FEAAC7 /* Base */ = {isa = PBXFileReference; lastKnownFileType = file.storyboard; name = Base; path = Base.lproj/LaunchScreen.storyboard; sourceTree = "<group>"; };
		CA66B8A02008559E00FEAAC7 /* Info.plist */ = {isa = PBXFileReference; lastKnownFileType = text.plist.xml; path = Info.plist; sourceTree = "<group>"; };
/* End PBXFileReference section */

/* Begin PBXFrameworksBuildPhase section */
		CA66B88E2008559E00FEAAC7 /* Frameworks */ = {
			isa = PBXFrameworksBuildPhase;
			buildActionMask = 2147483647;
			files = (
			);
			runOnlyForDeploymentPostprocessing = 0;
		};
/* End PBXFrameworksBuildPhase section */

/* Begin PBXGroup section */
		CA66B8882008559E00FEAAC7 = {
			isa = PBXGroup;
			children = (
				CA66B8932008559E00FEAAC7 /* FollowingDevelopmentOfCalculator */,
				CA66B8922008559E00FEAAC7 /* Products */,
			);
			sourceTree = "<group>";
		};
		CA66B8922008559E00FEAAC7 /* Products */ = {
			isa = PBXGroup;
			children = (
				CA66B8912008559E00FEAAC7 /* FollowingDevelopmentOfCalculator.app */,
			);
			name = Products;
			sourceTree = "<group>";
		};
		CA66B8932008559E00FEAAC7 /* FollowingDevelopmentOfCalculator */ = {
			isa = PBXGroup;
			children = (
				CA66B8942008559E00FEAAC7 /* AppDelegate.swift */,
				CA66B8962008559E00FEAAC7 /* ViewController.swift */,
				CA66B8982008559E00FEAAC7 /* Main.storyboard */,
				CA66B89B2008559E00FEAAC7 /* Assets.xcassets */,
				CA66B89D2008559E00FEAAC7 /* LaunchScreen.storyboard */,
				CA66B8A02008559E00FEAAC7 /* Info.plist */,
			);
			path = FollowingDevelopmentOfCalculator;
			sourceTree = "<group>";
		};
/* End PBXGroup section */

/* Begin PBXNativeTarget section */
		CA66B8902008559E00FEAAC7 /* FollowingDevelopmentOfCalculator */ = {
			isa = PBXNativeTarget;
			buildConfigurationList = CA66B8A32008559E00FEAAC7 /* Build configuration list for PBXNativeTarget "FollowingDevelopmentOfCalculator" */;
			buildPhases = (
				CA66B88D2008559E00FEAAC7 /* Sources */,
				CA66B88E2008559E00FEAAC7 /* Frameworks */,
				CA66B88F2008559E00FEAAC7 /* Resources */,
			);
			buildRules = (
			);
			dependencies = (
			);
			name = FollowingDevelopmentOfCalculator;
			productName = FollowingDevelopmentOfCalculator;
			productReference = CA66B8912008559E00FEAAC7 /* FollowingDevelopmentOfCalculator.app */;
			productType = "com.apple.product-type.application";
		};
/* End PBXNativeTarget section */

/* Begin PBXProject section */
		CA66B8892008559E00FEAAC7 /* Project object */ = {
			isa = PBXProject;
			attributes = {
				LastSwiftUpdateCheck = 0920;
				LastUpgradeCheck = 0920;
				ORGANIZATIONNAME = "Yongseok Choi";
				TargetAttributes = {
					CA66B8902008559E00FEAAC7 = {
						CreatedOnToolsVersion = 9.2;
						ProvisioningStyle = Automatic;
					};
				};
			};
			buildConfigurationList = CA66B88C2008559E00FEAAC7 /* Build configuration list for PBXProject "FollowingDevelopmentOfCalculator" */;
			compatibilityVersion = "Xcode 8.0";
			developmentRegion = en;
			hasScannedForEncodings = 0;
			knownRegions = (
				en,
				Base,
			);
			mainGroup = CA66B8882008559E00FEAAC7;
			productRefGroup = CA66B8922008559E00FEAAC7 /* Products */;
			projectDirPath = "";
			projectRoot = "";
			targets = (
				CA66B8902008559E00FEAAC7 /* FollowingDevelopmentOfCalculator */,
			);
		};
/* End PBXProject section */

/* Begin PBXResourcesBuildPhase section */
		CA66B88F2008559E00FEAAC7 /* Resources */ = {
			isa = PBXResourcesBuildPhase;
			buildActionMask = 2147483647;
			files = (
				CA66B89F2008559E00FEAAC7 /* LaunchScreen.storyboard in Resources */,
				CA66B89C2008559E00FEAAC7 /* Assets.xcassets in Resources */,
				CA66B89A2008559E00FEAAC7 /* Main.storyboard in Resources */,
			);
			runOnlyForDeploymentPostprocessing = 0;
		};
/* End PBXResourcesBuildPhase section */

/* Begin PBXSourcesBuildPhase section */
		CA66B88D2008559E00FEAAC7 /* Sources */ = {
			isa = PBXSourcesBuildPhase;
			buildActionMask = 2147483647;
			files = (
				CA66B8972008559E00FEAAC7 /* ViewController.swift in Sources */,
				CA66B8952008559E00FEAAC7 /* AppDelegate.swift in Sources */,
			);
			runOnlyForDeploymentPostprocessing = 0;
		};
/* End PBXSourcesBuildPhase section */

/* Begin PBXVariantGroup section */
		CA66B8982008559E00FEAAC7 /* Main.storyboard */ = {
			isa = PBXVariantGroup;
			children = (
				CA66B8992008559E00FEAAC7 /* Base */,
			);
			name = Main.storyboard;
			sourceTree = "<group>";
		};
		CA66B89D2008559E00FEAAC7 /* LaunchScreen.storyboard */ = {
			isa = PBXVariantGroup;
			children = (
				CA66B89E2008559E00FEAAC7 /* Base */,
			);
			name = LaunchScreen.storyboard;
			sourceTree = "<group>";
		};
/* End PBXVariantGroup section */

/* Begin XCBuildConfiguration section */
		CA66B8A12008559E00FEAAC7 /* Debug */ = {
			isa = XCBuildConfiguration;
			buildSettings = {
				ALWAYS_SEARCH_USER_PATHS = NO;
				CLANG_ANALYZER_NONNULL = YES;
				CLANG_ANALYZER_NUMBER_OBJECT_CONVERSION = YES_AGGRESSIVE;
				CLANG_CXX_LANGUAGE_STANDARD = "gnu++14";
				CLANG_CXX_LIBRARY = "libc++";
				CLANG_ENABLE_MODULES = YES;
				CLANG_ENABLE_OBJC_ARC = YES;
				CLANG_WARN_BLOCK_CAPTURE_AUTORELEASING = YES;
				CLANG_WARN_BOOL_CONVERSION = YES;
				CLANG_WARN_COMMA = YES;
				CLANG_WARN_CONSTANT_CONVERSION = YES;
				CLANG_WARN_DIRECT_OBJC_ISA_USAGE = YES_ERROR;
				CLANG_WARN_DOCUMENTATION_COMMENTS = YES;
				CLANG_WARN_EMPTY_BODY = YES;
				CLANG_WARN_ENUM_CONVERSION = YES;
				CLANG_WARN_INFINITE_RECURSION = YES;
				CLANG_WARN_INT_CONVERSION = YES;
				CLANG_WARN_NON_LITERAL_NULL_CONVERSION = YES;
				CLANG_WARN_OBJC_LITERAL_CONVERSION = YES;
				CLANG_WARN_OBJC_ROOT_CLASS = YES_ERROR;
				CLANG_WARN_RANGE_LOOP_ANALYSIS = YES;
				CLANG_WARN_STRICT_PROTOTYPES = YES;
				CLANG_WARN_SUSPICIOUS_MOVE = YES;
				CLANG_WARN_UNGUARDED_AVAILABILITY = YES_AGGRESSIVE;
				CLANG_WARN_UNREACHABLE_CODE = YES;
				CLANG_WARN__DUPLICATE_METHOD_MATCH = YES;
				CODE_SIGN_IDENTITY = "iPhone Developer";
				COPY_PHASE_STRIP = NO;
				DEBUG_INFORMATION_FORMAT = dwarf;
				ENABLE_STRICT_OBJC_MSGSEND = YES;
				ENABLE_TESTABILITY = YES;
				GCC_C_LANGUAGE_STANDARD = gnu11;
				GCC_DYNAMIC_NO_PIC = NO;
				GCC_NO_COMMON_BLOCKS = YES;
				GCC_OPTIMIZATION_LEVEL = 0;
				GCC_PREPROCESSOR_DEFINITIONS = (
					"DEBUG=1",
					"$(inherited)",
				);
				GCC_WARN_64_TO_32_BIT_CONVERSION = YES;
				GCC_WARN_ABOUT_RETURN_TYPE = YES_ERROR;
				GCC_WARN_UNDECLARED_SELECTOR = YES;
				GCC_WARN_UNINITIALIZED_AUTOS = YES_AGGRESSIVE;
				GCC_WARN_UNUSED_FUNCTION = YES;
				GCC_WARN_UNUSED_VARIABLE = YES;
				IPHONEOS_DEPLOYMENT_TARGET = 11.2;
				MTL_ENABLE_DEBUG_INFO = YES;
				ONLY_ACTIVE_ARCH = YES;
				SDKROOT = iphoneos;
				SWIFT_ACTIVE_COMPILATION_CONDITIONS = DEBUG;
				SWIFT_OPTIMIZATION_LEVEL = "-Onone";
			};
			name = Debug;
		};
		CA66B8A22008559E00FEAAC7 /* Release */ = {
			isa = XCBuildConfiguration;
			buildSettings = {
				ALWAYS_SEARCH_USER_PATHS = NO;
				CLANG_ANALYZER_NONNULL = YES;
				CLANG_ANALYZER_NUMBER_OBJECT_CONVERSION = YES_AGGRESSIVE;
				CLANG_CXX_LANGUAGE_STANDARD = "gnu++14";
				CLANG_CXX_LIBRARY = "libc++";
				CLANG_ENABLE_MODULES = YES;
				CLANG_ENABLE_OBJC_ARC = YES;
				CLANG_WARN_BLOCK_CAPTURE_AUTORELEASING = YES;
				CLANG_WARN_BOOL_CONVERSION = YES;
				CLANG_WARN_COMMA = YES;
				CLANG_WARN_CONSTANT_CONVERSION = YES;
				CLANG_WARN_DIRECT_OBJC_ISA_USAGE = YES_ERROR;
				CLANG_WARN_DOCUMENTATION_COMMENTS = YES;
				CLANG_WARN_EMPTY_BODY = YES;
				CLANG_WARN_ENUM_CONVERSION = YES;
				CLANG_WARN_INFINITE_RECURSION = YES;
				CLANG_WARN_INT_CONVERSION = YES;
				CLANG_WARN_NON_LITERAL_NULL_CONVERSION = YES;
				CLANG_WARN_OBJC_LITERAL_CONVERSION = YES;
				CLANG_WARN_OBJC_ROOT_CLASS = YES_ERROR;
				CLANG_WARN_RANGE_LOOP_ANALYSIS = YES;
				CLANG_WARN_STRICT_PROTOTYPES = YES;
				CLANG_WARN_SUSPICIOUS_MOVE = YES;
				CLANG_WARN_UNGUARDED_AVAILABILITY = YES_AGGRESSIVE;
				CLANG_WARN_UNREACHABLE_CODE = YES;
				CLANG_WARN__DUPLICATE_METHOD_MATCH = YES;
				CODE_SIGN_IDENTITY = "iPhone Developer";
				COPY_PHASE_STRIP = NO;
				DEBUG_INFORMATION_FORMAT = "dwarf-with-dsym";
				ENABLE_NS_ASSERTIONS = NO;
				ENABLE_STRICT_OBJC_MSGSEND = YES;
				GCC_C_LANGUAGE_STANDARD = gnu11;
				GCC_NO_COMMON_BLOCKS = YES;
				GCC_WARN_64_TO_32_BIT_CONVERSION = YES;
				GCC_WARN_ABOUT_RETURN_TYPE = YES_ERROR;
				GCC_WARN_UNDECLARED_SELECTOR = YES;
				GCC_WARN_UNINITIALIZED_AUTOS = YES_AGGRESSIVE;
				GCC_WARN_UNUSED_FUNCTION = YES;
				GCC_WARN_UNUSED_VARIABLE = YES;
				IPHONEOS_DEPLOYMENT_TARGET = 11.2;
				MTL_ENABLE_DEBUG_INFO = NO;
				SDKROOT = iphoneos;
				SWIFT_OPTIMIZATION_LEVEL = "-Owholemodule";
				VALIDATE_PRODUCT = YES;
			};
			name = Release;
		};
		CA66B8A42008559E00FEAAC7 /* Debug */ = {
			isa = XCBuildConfiguration;
			buildSettings = {
				ASSETCATALOG_COMPILER_APPICON_NAME = AppIcon;
				CODE_SIGN_STYLE = Automatic;
				DEVELOPMENT_TEAM = X947N5A32A;
				INFOPLIST_FILE = FollowingDevelopmentOfCalculator/Info.plist;
				LD_RUNPATH_SEARCH_PATHS = "$(inherited) @executable_path/Frameworks";
				PRODUCT_BUNDLE_IDENTIFIER = com.yschoi.FollowingDevelopmentOfCalculator;
				PRODUCT_NAME = "$(TARGET_NAME)";
				SWIFT_VERSION = 4.0;
				TARGETED_DEVICE_FAMILY = "1,2";
			};
			name = Debug;
		};
		CA66B8A52008559E00FEAAC7 /* Release */ = {
			isa = XCBuildConfiguration;
			buildSettings = {
				ASSETCATALOG_COMPILER_APPICON_NAME = AppIcon;
				CODE_SIGN_STYLE = Automatic;
				DEVELOPMENT_TEAM = X947N5A32A;
				INFOPLIST_FILE = FollowingDevelopmentOfCalculator/Info.plist;
				LD_RUNPATH_SEARCH_PATHS = "$(inherited) @executable_path/Frameworks";
				PRODUCT_BUNDLE_IDENTIFIER = com.yschoi.FollowingDevelopmentOfCalculator;
				PRODUCT_NAME = "$(TARGET_NAME)";
				SWIFT_VERSION = 4.0;
				TARGETED_DEVICE_FAMILY = "1,2";
			};
			name = Release;
		};
/* End XCBuildConfiguration section */

/* Begin XCConfigurationList section */
		CA66B88C2008559E00FEAAC7 /* Build configuration list for PBXProject "FollowingDevelopmentOfCalculator" */ = {
			isa = XCConfigurationList;
			buildConfigurations = (
				CA66B8A12008559E00FEAAC7 /* Debug */,
				CA66B8A22008559E00FEAAC7 /* Release */,
			);
			defaultConfigurationIsVisible = 0;
			defaultConfigurationName = Release;
		};
		CA66B8A32008559E00FEAAC7 /* Build configuration list for PBXNativeTarget "FollowingDevelopmentOfCalculator" */ = {
			isa = XCConfigurationList;
			buildConfigurations = (
				CA66B8A42008559E00FEAAC7 /* Debug */,
				CA66B8A52008559E00FEAAC7 /* Release */,
			);
			defaultConfigurationIsVisible = 0;
			defaultConfigurationName = Release;
		};
/* End XCConfigurationList section */
	};
	rootObject = CA66B8892008559E00FEAAC7 /* Project object */;
}
