// !$*UTF8*$!
{
	archiveVersion = 1;
	classes = {
	};
	objectVersion = 48;
	objects = {

/* Begin PBXBuildFile section */
		CA4A168F203D0D3100BA5466 /* AppDelegate.swift in Sources */ = {isa = PBXBuildFile; fileRef = CA4A168E203D0D3100BA5466 /* AppDelegate.swift */; };
		CA4A1691203D0D3100BA5466 /* ViewController.swift in Sources */ = {isa = PBXBuildFile; fileRef = CA4A1690203D0D3100BA5466 /* ViewController.swift */; };
		CA4A1694203D0D3100BA5466 /* Main.storyboard in Resources */ = {isa = PBXBuildFile; fileRef = CA4A1692203D0D3100BA5466 /* Main.storyboard */; };
		CA4A1696203D0D3100BA5466 /* Assets.xcassets in Resources */ = {isa = PBXBuildFile; fileRef = CA4A1695203D0D3100BA5466 /* Assets.xcassets */; };
		CA4A1699203D0D3100BA5466 /* LaunchScreen.storyboard in Resources */ = {isa = PBXBuildFile; fileRef = CA4A1697203D0D3100BA5466 /* LaunchScreen.storyboard */; };
		CA4A16A1203D18D600BA5466 /* MyTableViewCell.swift in Sources */ = {isa = PBXBuildFile; fileRef = CA4A16A0203D18D600BA5466 /* MyTableViewCell.swift */; };
/* End PBXBuildFile section */

/* Begin PBXFileReference section */
		CA4A168B203D0D3100BA5466 /* TableView_Sample.app */ = {isa = PBXFileReference; explicitFileType = wrapper.application; includeInIndex = 0; path = TableView_Sample.app; sourceTree = BUILT_PRODUCTS_DIR; };
		CA4A168E203D0D3100BA5466 /* AppDelegate.swift */ = {isa = PBXFileReference; lastKnownFileType = sourcecode.swift; path = AppDelegate.swift; sourceTree = "<group>"; };
		CA4A1690203D0D3100BA5466 /* ViewController.swift */ = {isa = PBXFileReference; lastKnownFileType = sourcecode.swift; path = ViewController.swift; sourceTree = "<group>"; };
		CA4A1693203D0D3100BA5466 /* Base */ = {isa = PBXFileReference; lastKnownFileType = file.storyboard; name = Base; path = Base.lproj/Main.storyboard; sourceTree = "<group>"; };
		CA4A1695203D0D3100BA5466 /* Assets.xcassets */ = {isa = PBXFileReference; lastKnownFileType = folder.assetcatalog; path = Assets.xcassets; sourceTree = "<group>"; };
		CA4A1698203D0D3100BA5466 /* Base */ = {isa = PBXFileReference; lastKnownFileType = file.storyboard; name = Base; path = Base.lproj/LaunchScreen.storyboard; sourceTree = "<group>"; };
		CA4A169A203D0D3100BA5466 /* Info.plist */ = {isa = PBXFileReference; lastKnownFileType = text.plist.xml; path = Info.plist; sourceTree = "<group>"; };
		CA4A16A0203D18D600BA5466 /* MyTableViewCell.swift */ = {isa = PBXFileReference; lastKnownFileType = sourcecode.swift; path = MyTableViewCell.swift; sourceTree = "<group>"; };
/* End PBXFileReference section */

/* Begin PBXFrameworksBuildPhase section */
		CA4A1688203D0D3100BA5466 /* Frameworks */ = {
			isa = PBXFrameworksBuildPhase;
			buildActionMask = 2147483647;
			files = (
			);
			runOnlyForDeploymentPostprocessing = 0;
		};
/* End PBXFrameworksBuildPhase section */

/* Begin PBXGroup section */
		CA4A1682203D0D3100BA5466 = {
			isa = PBXGroup;
			children = (
				CA4A168D203D0D3100BA5466 /* TableView_Sample */,
				CA4A168C203D0D3100BA5466 /* Products */,
			);
			sourceTree = "<group>";
		};
		CA4A168C203D0D3100BA5466 /* Products */ = {
			isa = PBXGroup;
			children = (
				CA4A168B203D0D3100BA5466 /* TableView_Sample.app */,
			);
			name = Products;
			sourceTree = "<group>";
		};
		CA4A168D203D0D3100BA5466 /* TableView_Sample */ = {
			isa = PBXGroup;
			children = (
				CA4A168E203D0D3100BA5466 /* AppDelegate.swift */,
				CA4A1690203D0D3100BA5466 /* ViewController.swift */,
				CA4A16A0203D18D600BA5466 /* MyTableViewCell.swift */,
				CA4A1692203D0D3100BA5466 /* Main.storyboard */,
				CA4A1695203D0D3100BA5466 /* Assets.xcassets */,
				CA4A1697203D0D3100BA5466 /* LaunchScreen.storyboard */,
				CA4A169A203D0D3100BA5466 /* Info.plist */,
			);
			path = TableView_Sample;
			sourceTree = "<group>";
		};
/* End PBXGroup section */

/* Begin PBXNativeTarget section */
		CA4A168A203D0D3100BA5466 /* TableView_Sample */ = {
			isa = PBXNativeTarget;
			buildConfigurationList = CA4A169D203D0D3100BA5466 /* Build configuration list for PBXNativeTarget "TableView_Sample" */;
			buildPhases = (
				CA4A1687203D0D3100BA5466 /* Sources */,
				CA4A1688203D0D3100BA5466 /* Frameworks */,
				CA4A1689203D0D3100BA5466 /* Resources */,
			);
			buildRules = (
			);
			dependencies = (
			);
			name = TableView_Sample;
			productName = TableView_Sample;
			productReference = CA4A168B203D0D3100BA5466 /* TableView_Sample.app */;
			productType = "com.apple.product-type.application";
		};
/* End PBXNativeTarget section */

/* Begin PBXProject section */
		CA4A1683203D0D3100BA5466 /* Project object */ = {
			isa = PBXProject;
			attributes = {
				LastSwiftUpdateCheck = 0920;
				LastUpgradeCheck = 0920;
				ORGANIZATIONNAME = "Yongseok Choi";
				TargetAttributes = {
					CA4A168A203D0D3100BA5466 = {
						CreatedOnToolsVersion = 9.2;
						ProvisioningStyle = Automatic;
					};
				};
			};
			buildConfigurationList = CA4A1686203D0D3100BA5466 /* Build configuration list for PBXProject "TableView_Sample" */;
			compatibilityVersion = "Xcode 8.0";
			developmentRegion = en;
			hasScannedForEncodings = 0;
			knownRegions = (
				en,
				Base,
			);
			mainGroup = CA4A1682203D0D3100BA5466;
			productRefGroup = CA4A168C203D0D3100BA5466 /* Products */;
			projectDirPath = "";
			projectRoot = "";
			targets = (
				CA4A168A203D0D3100BA5466 /* TableView_Sample */,
			);
		};
/* End PBXProject section */

/* Begin PBXResourcesBuildPhase section */
		CA4A1689203D0D3100BA5466 /* Resources */ = {
			isa = PBXResourcesBuildPhase;
			buildActionMask = 2147483647;
			files = (
				CA4A1699203D0D3100BA5466 /* LaunchScreen.storyboard in Resources */,
				CA4A1696203D0D3100BA5466 /* Assets.xcassets in Resources */,
				CA4A1694203D0D3100BA5466 /* Main.storyboard in Resources */,
			);
			runOnlyForDeploymentPostprocessing = 0;
		};
/* End PBXResourcesBuildPhase section */

/* Begin PBXSourcesBuildPhase section */
		CA4A1687203D0D3100BA5466 /* Sources */ = {
			isa = PBXSourcesBuildPhase;
			buildActionMask = 2147483647;
			files = (
				CA4A1691203D0D3100BA5466 /* ViewController.swift in Sources */,
				CA4A168F203D0D3100BA5466 /* AppDelegate.swift in Sources */,
				CA4A16A1203D18D600BA5466 /* MyTableViewCell.swift in Sources */,
			);
			runOnlyForDeploymentPostprocessing = 0;
		};
/* End PBXSourcesBuildPhase section */

/* Begin PBXVariantGroup section */
		CA4A1692203D0D3100BA5466 /* Main.storyboard */ = {
			isa = PBXVariantGroup;
			children = (
				CA4A1693203D0D3100BA5466 /* Base */,
			);
			name = Main.storyboard;
			sourceTree = "<group>";
		};
		CA4A1697203D0D3100BA5466 /* LaunchScreen.storyboard */ = {
			isa = PBXVariantGroup;
			children = (
				CA4A1698203D0D3100BA5466 /* Base */,
			);
			name = LaunchScreen.storyboard;
			sourceTree = "<group>";
		};
/* End PBXVariantGroup section */

/* Begin XCBuildConfiguration section */
		CA4A169B203D0D3100BA5466 /* Debug */ = {
			isa = XCBuildConfiguration;
			buildSettings = {
				ALWAYS_SEARCH_USER_PATHS = NO;
				CLANG_ANALYZER_NONNULL = YES;
				CLANG_ANALYZER_NUMBER_OBJECT_CONVERSION = YES_AGGRESSIVE;
				CLANG_CXX_LANGUAGE_STANDARD = "gnu++14";
				CLANG_CXX_LIBRARY = "libc++";
				CLANG_ENABLE_MODULES = YES;
				CLANG_ENABLE_OBJC_ARC = YES;
				CLANG_WARN_BLOCK_CAPTURE_AUTORELEASING = YES;
				CLANG_WARN_BOOL_CONVERSION = YES;
				CLANG_WARN_COMMA = YES;
				CLANG_WARN_CONSTANT_CONVERSION = YES;
				CLANG_WARN_DIRECT_OBJC_ISA_USAGE = YES_ERROR;
				CLANG_WARN_DOCUMENTATION_COMMENTS = YES;
				CLANG_WARN_EMPTY_BODY = YES;
				CLANG_WARN_ENUM_CONVERSION = YES;
				CLANG_WARN_INFINITE_RECURSION = YES;
				CLANG_WARN_INT_CONVERSION = YES;
				CLANG_WARN_NON_LITERAL_NULL_CONVERSION = YES;
				CLANG_WARN_OBJC_LITERAL_CONVERSION = YES;
				CLANG_WARN_OBJC_ROOT_CLASS = YES_ERROR;
				CLANG_WARN_RANGE_LOOP_ANALYSIS = YES;
				CLANG_WARN_STRICT_PROTOTYPES = YES;
				CLANG_WARN_SUSPICIOUS_MOVE = YES;
				CLANG_WARN_UNGUARDED_AVAILABILITY = YES_AGGRESSIVE;
				CLANG_WARN_UNREACHABLE_CODE = YES;
				CLANG_WARN__DUPLICATE_METHOD_MATCH = YES;
				CODE_SIGN_IDENTITY = "iPhone Developer";
				COPY_PHASE_STRIP = NO;
				DEBUG_INFORMATION_FORMAT = dwarf;
				ENABLE_STRICT_OBJC_MSGSEND = YES;
				ENABLE_TESTABILITY = YES;
				GCC_C_LANGUAGE_STANDARD = gnu11;
				GCC_DYNAMIC_NO_PIC = NO;
				GCC_NO_COMMON_BLOCKS = YES;
				GCC_OPTIMIZATION_LEVEL = 0;
				GCC_PREPROCESSOR_DEFINITIONS = (
					"DEBUG=1",
					"$(inherited)",
				);
				GCC_WARN_64_TO_32_BIT_CONVERSION = YES;
				GCC_WARN_ABOUT_RETURN_TYPE = YES_ERROR;
				GCC_WARN_UNDECLARED_SELECTOR = YES;
				GCC_WARN_UNINITIALIZED_AUTOS = YES_AGGRESSIVE;
				GCC_WARN_UNUSED_FUNCTION = YES;
				GCC_WARN_UNUSED_VARIABLE = YES;
				IPHONEOS_DEPLOYMENT_TARGET = 11.2;
				MTL_ENABLE_DEBUG_INFO = YES;
				ONLY_ACTIVE_ARCH = YES;
				SDKROOT = iphoneos;
				SWIFT_ACTIVE_COMPILATION_CONDITIONS = DEBUG;
				SWIFT_OPTIMIZATION_LEVEL = "-Onone";
			};
			name = Debug;
		};
		CA4A169C203D0D3100BA5466 /* Release */ = {
			isa = XCBuildConfiguration;
			buildSettings = {
				ALWAYS_SEARCH_USER_PATHS = NO;
				CLANG_ANALYZER_NONNULL = YES;
				CLANG_ANALYZER_NUMBER_OBJECT_CONVERSION = YES_AGGRESSIVE;
				CLANG_CXX_LANGUAGE_STANDARD = "gnu++14";
				CLANG_CXX_LIBRARY = "libc++";
				CLANG_ENABLE_MODULES = YES;
				CLANG_ENABLE_OBJC_ARC = YES;
				CLANG_WARN_BLOCK_CAPTURE_AUTORELEASING = YES;
				CLANG_WARN_BOOL_CONVERSION = YES;
				CLANG_WARN_COMMA = YES;
				CLANG_WARN_CONSTANT_CONVERSION = YES;
				CLANG_WARN_DIRECT_OBJC_ISA_USAGE = YES_ERROR;
				CLANG_WARN_DOCUMENTATION_COMMENTS = YES;
				CLANG_WARN_EMPTY_BODY = YES;
				CLANG_WARN_ENUM_CONVERSION = YES;
				CLANG_WARN_INFINITE_RECURSION = YES;
				CLANG_WARN_INT_CONVERSION = YES;
				CLANG_WARN_NON_LITERAL_NULL_CONVERSION = YES;
				CLANG_WARN_OBJC_LITERAL_CONVERSION = YES;
				CLANG_WARN_OBJC_ROOT_CLASS = YES_ERROR;
				CLANG_WARN_RANGE_LOOP_ANALYSIS = YES;
				CLANG_WARN_STRICT_PROTOTYPES = YES;
				CLANG_WARN_SUSPICIOUS_MOVE = YES;
				CLANG_WARN_UNGUARDED_AVAILABILITY = YES_AGGRESSIVE;
				CLANG_WARN_UNREACHABLE_CODE = YES;
				CLANG_WARN__DUPLICATE_METHOD_MATCH = YES;
				CODE_SIGN_IDENTITY = "iPhone Developer";
				COPY_PHASE_STRIP = NO;
				DEBUG_INFORMATION_FORMAT = "dwarf-with-dsym";
				ENABLE_NS_ASSERTIONS = NO;
				ENABLE_STRICT_OBJC_MSGSEND = YES;
				GCC_C_LANGUAGE_STANDARD = gnu11;
				GCC_NO_COMMON_BLOCKS = YES;
				GCC_WARN_64_TO_32_BIT_CONVERSION = YES;
				GCC_WARN_ABOUT_RETURN_TYPE = YES_ERROR;
				GCC_WARN_UNDECLARED_SELECTOR = YES;
				GCC_WARN_UNINITIALIZED_AUTOS = YES_AGGRESSIVE;
				GCC_WARN_UNUSED_FUNCTION = YES;
				GCC_WARN_UNUSED_VARIABLE = YES;
				IPHONEOS_DEPLOYMENT_TARGET = 11.2;
				MTL_ENABLE_DEBUG_INFO = NO;
				SDKROOT = iphoneos;
				SWIFT_OPTIMIZATION_LEVEL = "-Owholemodule";
				VALIDATE_PRODUCT = YES;
			};
			name = Release;
		};
		CA4A169E203D0D3100BA5466 /* Debug */ = {
			isa = XCBuildConfiguration;
			buildSettings = {
				ASSETCATALOG_COMPILER_APPICON_NAME = AppIcon;
				CODE_SIGN_STYLE = Automatic;
				INFOPLIST_FILE = TableView_Sample/Info.plist;
				LD_RUNPATH_SEARCH_PATHS = "$(inherited) @executable_path/Frameworks";
				PRODUCT_BUNDLE_IDENTIFIER = "com.yschoi.TableView-Sample";
				PRODUCT_NAME = "$(TARGET_NAME)";
				SWIFT_VERSION = 4.0;
				TARGETED_DEVICE_FAMILY = "1,2";
			};
			name = Debug;
		};
		CA4A169F203D0D3100BA5466 /* Release */ = {
			isa = XCBuildConfiguration;
			buildSettings = {
				ASSETCATALOG_COMPILER_APPICON_NAME = AppIcon;
				CODE_SIGN_STYLE = Automatic;
				INFOPLIST_FILE = TableView_Sample/Info.plist;
				LD_RUNPATH_SEARCH_PATHS = "$(inherited) @executable_path/Frameworks";
				PRODUCT_BUNDLE_IDENTIFIER = "com.yschoi.TableView-Sample";
				PRODUCT_NAME = "$(TARGET_NAME)";
				SWIFT_VERSION = 4.0;
				TARGETED_DEVICE_FAMILY = "1,2";
			};
			name = Release;
		};
/* End XCBuildConfiguration section */

/* Begin XCConfigurationList section */
		CA4A1686203D0D3100BA5466 /* Build configuration list for PBXProject "TableView_Sample" */ = {
			isa = XCConfigurationList;
			buildConfigurations = (
				CA4A169B203D0D3100BA5466 /* Debug */,
				CA4A169C203D0D3100BA5466 /* Release */,
			);
			defaultConfigurationIsVisible = 0;
			defaultConfigurationName = Release;
		};
		CA4A169D203D0D3100BA5466 /* Build configuration list for PBXNativeTarget "TableView_Sample" */ = {
			isa = XCConfigurationList;
			buildConfigurations = (
				CA4A169E203D0D3100BA5466 /* Debug */,
				CA4A169F203D0D3100BA5466 /* Release */,
			);
			defaultConfigurationIsVisible = 0;
			defaultConfigurationName = Release;
		};
/* End XCConfigurationList section */
	};
	rootObject = CA4A1683203D0D3100BA5466 /* Project object */;
}
