// !$*UTF8*$!
{
	archiveVersion = 1;
	classes = {
	};
	objectVersion = 48;
	objects = {

/* Begin PBXBuildFile section */
		CA854ECF205B6CDA00EC31BA /* AppDelegate.swift in Sources */ = {isa = PBXBuildFile; fileRef = CA854ECE205B6CDA00EC31BA /* AppDelegate.swift */; };
		CA854ED1205B6CDA00EC31BA /* ViewController.swift in Sources */ = {isa = PBXBuildFile; fileRef = CA854ED0205B6CDA00EC31BA /* ViewController.swift */; };
		CA854ED4205B6CDA00EC31BA /* Main.storyboard in Resources */ = {isa = PBXBuildFile; fileRef = CA854ED2205B6CDA00EC31BA /* Main.storyboard */; };
		CA854ED6205B6CDA00EC31BA /* Assets.xcassets in Resources */ = {isa = PBXBuildFile; fileRef = CA854ED5205B6CDA00EC31BA /* Assets.xcassets */; };
		CA854ED9205B6CDA00EC31BA /* LaunchScreen.storyboard in Resources */ = {isa = PBXBuildFile; fileRef = CA854ED7205B6CDA00EC31BA /* LaunchScreen.storyboard */; };
/* End PBXBuildFile section */

/* Begin PBXFileReference section */
		CA854ECB205B6CDA00EC31BA /* URLScheme_Run_Sample.app */ = {isa = PBXFileReference; explicitFileType = wrapper.application; includeInIndex = 0; path = URLScheme_Run_Sample.app; sourceTree = BUILT_PRODUCTS_DIR; };
		CA854ECE205B6CDA00EC31BA /* AppDelegate.swift */ = {isa = PBXFileReference; lastKnownFileType = sourcecode.swift; path = AppDelegate.swift; sourceTree = "<group>"; };
		CA854ED0205B6CDA00EC31BA /* ViewController.swift */ = {isa = PBXFileReference; lastKnownFileType = sourcecode.swift; path = ViewController.swift; sourceTree = "<group>"; };
		CA854ED3205B6CDA00EC31BA /* Base */ = {isa = PBXFileReference; lastKnownFileType = file.storyboard; name = Base; path = Base.lproj/Main.storyboard; sourceTree = "<group>"; };
		CA854ED5205B6CDA00EC31BA /* Assets.xcassets */ = {isa = PBXFileReference; lastKnownFileType = folder.assetcatalog; path = Assets.xcassets; sourceTree = "<group>"; };
		CA854ED8205B6CDA00EC31BA /* Base */ = {isa = PBXFileReference; lastKnownFileType = file.storyboard; name = Base; path = Base.lproj/LaunchScreen.storyboard; sourceTree = "<group>"; };
		CA854EDA205B6CDA00EC31BA /* Info.plist */ = {isa = PBXFileReference; lastKnownFileType = text.plist.xml; path = Info.plist; sourceTree = "<group>"; };
/* End PBXFileReference section */

/* Begin PBXFrameworksBuildPhase section */
		CA854EC8205B6CDA00EC31BA /* Frameworks */ = {
			isa = PBXFrameworksBuildPhase;
			buildActionMask = 2147483647;
			files = (
			);
			runOnlyForDeploymentPostprocessing = 0;
		};
/* End PBXFrameworksBuildPhase section */

/* Begin PBXGroup section */
		CA854EC2205B6CDA00EC31BA = {
			isa = PBXGroup;
			children = (
				CA854ECD205B6CDA00EC31BA /* URLScheme_Run_Sample */,
				CA854ECC205B6CDA00EC31BA /* Products */,
			);
			sourceTree = "<group>";
		};
		CA854ECC205B6CDA00EC31BA /* Products */ = {
			isa = PBXGroup;
			children = (
				CA854ECB205B6CDA00EC31BA /* URLScheme_Run_Sample.app */,
			);
			name = Products;
			sourceTree = "<group>";
		};
		CA854ECD205B6CDA00EC31BA /* URLScheme_Run_Sample */ = {
			isa = PBXGroup;
			children = (
				CA854ECE205B6CDA00EC31BA /* AppDelegate.swift */,
				CA854ED0205B6CDA00EC31BA /* ViewController.swift */,
				CA854ED2205B6CDA00EC31BA /* Main.storyboard */,
				CA854ED5205B6CDA00EC31BA /* Assets.xcassets */,
				CA854ED7205B6CDA00EC31BA /* LaunchScreen.storyboard */,
				CA854EDA205B6CDA00EC31BA /* Info.plist */,
			);
			path = URLScheme_Run_Sample;
			sourceTree = "<group>";
		};
/* End PBXGroup section */

/* Begin PBXNativeTarget section */
		CA854ECA205B6CDA00EC31BA /* URLScheme_Run_Sample */ = {
			isa = PBXNativeTarget;
			buildConfigurationList = CA854EDD205B6CDA00EC31BA /* Build configuration list for PBXNativeTarget "URLScheme_Run_Sample" */;
			buildPhases = (
				CA854EC7205B6CDA00EC31BA /* Sources */,
				CA854EC8205B6CDA00EC31BA /* Frameworks */,
				CA854EC9205B6CDA00EC31BA /* Resources */,
			);
			buildRules = (
			);
			dependencies = (
			);
			name = URLScheme_Run_Sample;
			productName = URLScheme_Run_Sample;
			productReference = CA854ECB205B6CDA00EC31BA /* URLScheme_Run_Sample.app */;
			productType = "com.apple.product-type.application";
		};
/* End PBXNativeTarget section */

/* Begin PBXProject section */
		CA854EC3205B6CDA00EC31BA /* Project object */ = {
			isa = PBXProject;
			attributes = {
				LastSwiftUpdateCheck = 0920;
				LastUpgradeCheck = 0920;
				ORGANIZATIONNAME = "Yongseok Choi";
				TargetAttributes = {
					CA854ECA205B6CDA00EC31BA = {
						CreatedOnToolsVersion = 9.2;
						ProvisioningStyle = Automatic;
					};
				};
			};
			buildConfigurationList = CA854EC6205B6CDA00EC31BA /* Build configuration list for PBXProject "URLScheme_Run_Sample" */;
			compatibilityVersion = "Xcode 8.0";
			developmentRegion = en;
			hasScannedForEncodings = 0;
			knownRegions = (
				en,
				Base,
			);
			mainGroup = CA854EC2205B6CDA00EC31BA;
			productRefGroup = CA854ECC205B6CDA00EC31BA /* Products */;
			projectDirPath = "";
			projectRoot = "";
			targets = (
				CA854ECA205B6CDA00EC31BA /* URLScheme_Run_Sample */,
			);
		};
/* End PBXProject section */

/* Begin PBXResourcesBuildPhase section */
		CA854EC9205B6CDA00EC31BA /* Resources */ = {
			isa = PBXResourcesBuildPhase;
			buildActionMask = 2147483647;
			files = (
				CA854ED9205B6CDA00EC31BA /* LaunchScreen.storyboard in Resources */,
				CA854ED6205B6CDA00EC31BA /* Assets.xcassets in Resources */,
				CA854ED4205B6CDA00EC31BA /* Main.storyboard in Resources */,
			);
			runOnlyForDeploymentPostprocessing = 0;
		};
/* End PBXResourcesBuildPhase section */

/* Begin PBXSourcesBuildPhase section */
		CA854EC7205B6CDA00EC31BA /* Sources */ = {
			isa = PBXSourcesBuildPhase;
			buildActionMask = 2147483647;
			files = (
				CA854ED1205B6CDA00EC31BA /* ViewController.swift in Sources */,
				CA854ECF205B6CDA00EC31BA /* AppDelegate.swift in Sources */,
			);
			runOnlyForDeploymentPostprocessing = 0;
		};
/* End PBXSourcesBuildPhase section */

/* Begin PBXVariantGroup section */
		CA854ED2205B6CDA00EC31BA /* Main.storyboard */ = {
			isa = PBXVariantGroup;
			children = (
				CA854ED3205B6CDA00EC31BA /* Base */,
			);
			name = Main.storyboard;
			sourceTree = "<group>";
		};
		CA854ED7205B6CDA00EC31BA /* LaunchScreen.storyboard */ = {
			isa = PBXVariantGroup;
			children = (
				CA854ED8205B6CDA00EC31BA /* Base */,
			);
			name = LaunchScreen.storyboard;
			sourceTree = "<group>";
		};
/* End PBXVariantGroup section */

/* Begin XCBuildConfiguration section */
		CA854EDB205B6CDA00EC31BA /* Debug */ = {
			isa = XCBuildConfiguration;
			buildSettings = {
				ALWAYS_SEARCH_USER_PATHS = NO;
				CLANG_ANALYZER_NONNULL = YES;
				CLANG_ANALYZER_NUMBER_OBJECT_CONVERSION = YES_AGGRESSIVE;
				CLANG_CXX_LANGUAGE_STANDARD = "gnu++14";
				CLANG_CXX_LIBRARY = "libc++";
				CLANG_ENABLE_MODULES = YES;
				CLANG_ENABLE_OBJC_ARC = YES;
				CLANG_WARN_BLOCK_CAPTURE_AUTORELEASING = YES;
				CLANG_WARN_BOOL_CONVERSION = YES;
				CLANG_WARN_COMMA = YES;
				CLANG_WARN_CONSTANT_CONVERSION = YES;
				CLANG_WARN_DIRECT_OBJC_ISA_USAGE = YES_ERROR;
				CLANG_WARN_DOCUMENTATION_COMMENTS = YES;
				CLANG_WARN_EMPTY_BODY = YES;
				CLANG_WARN_ENUM_CONVERSION = YES;
				CLANG_WARN_INFINITE_RECURSION = YES;
				CLANG_WARN_INT_CONVERSION = YES;
				CLANG_WARN_NON_LITERAL_NULL_CONVERSION = YES;
				CLANG_WARN_OBJC_LITERAL_CONVERSION = YES;
				CLANG_WARN_OBJC_ROOT_CLASS = YES_ERROR;
				CLANG_WARN_RANGE_LOOP_ANALYSIS = YES;
				CLANG_WARN_STRICT_PROTOTYPES = YES;
				CLANG_WARN_SUSPICIOUS_MOVE = YES;
				CLANG_WARN_UNGUARDED_AVAILABILITY = YES_AGGRESSIVE;
				CLANG_WARN_UNREACHABLE_CODE = YES;
				CLANG_WARN__DUPLICATE_METHOD_MATCH = YES;
				CODE_SIGN_IDENTITY = "iPhone Developer";
				COPY_PHASE_STRIP = NO;
				DEBUG_INFORMATION_FORMAT = dwarf;
				ENABLE_STRICT_OBJC_MSGSEND = YES;
				ENABLE_TESTABILITY = YES;
				GCC_C_LANGUAGE_STANDARD = gnu11;
				GCC_DYNAMIC_NO_PIC = NO;
				GCC_NO_COMMON_BLOCKS = YES;
				GCC_OPTIMIZATION_LEVEL = 0;
				GCC_PREPROCESSOR_DEFINITIONS = (
					"DEBUG=1",
					"$(inherited)",
				);
				GCC_WARN_64_TO_32_BIT_CONVERSION = YES;
				GCC_WARN_ABOUT_RETURN_TYPE = YES_ERROR;
				GCC_WARN_UNDECLARED_SELECTOR = YES;
				GCC_WARN_UNINITIALIZED_AUTOS = YES_AGGRESSIVE;
				GCC_WARN_UNUSED_FUNCTION = YES;
				GCC_WARN_UNUSED_VARIABLE = YES;
				IPHONEOS_DEPLOYMENT_TARGET = 11.2;
				MTL_ENABLE_DEBUG_INFO = YES;
				ONLY_ACTIVE_ARCH = YES;
				SDKROOT = iphoneos;
				SWIFT_ACTIVE_COMPILATION_CONDITIONS = DEBUG;
				SWIFT_OPTIMIZATION_LEVEL = "-Onone";
			};
			name = Debug;
		};
		CA854EDC205B6CDA00EC31BA /* Release */ = {
			isa = XCBuildConfiguration;
			buildSettings = {
				ALWAYS_SEARCH_USER_PATHS = NO;
				CLANG_ANALYZER_NONNULL = YES;
				CLANG_ANALYZER_NUMBER_OBJECT_CONVERSION = YES_AGGRESSIVE;
				CLANG_CXX_LANGUAGE_STANDARD = "gnu++14";
				CLANG_CXX_LIBRARY = "libc++";
				CLANG_ENABLE_MODULES = YES;
				CLANG_ENABLE_OBJC_ARC = YES;
				CLANG_WARN_BLOCK_CAPTURE_AUTORELEASING = YES;
				CLANG_WARN_BOOL_CONVERSION = YES;
				CLANG_WARN_COMMA = YES;
				CLANG_WARN_CONSTANT_CONVERSION = YES;
				CLANG_WARN_DIRECT_OBJC_ISA_USAGE = YES_ERROR;
				CLANG_WARN_DOCUMENTATION_COMMENTS = YES;
				CLANG_WARN_EMPTY_BODY = YES;
				CLANG_WARN_ENUM_CONVERSION = YES;
				CLANG_WARN_INFINITE_RECURSION = YES;
				CLANG_WARN_INT_CONVERSION = YES;
				CLANG_WARN_NON_LITERAL_NULL_CONVERSION = YES;
				CLANG_WARN_OBJC_LITERAL_CONVERSION = YES;
				CLANG_WARN_OBJC_ROOT_CLASS = YES_ERROR;
				CLANG_WARN_RANGE_LOOP_ANALYSIS = YES;
				CLANG_WARN_STRICT_PROTOTYPES = YES;
				CLANG_WARN_SUSPICIOUS_MOVE = YES;
				CLANG_WARN_UNGUARDED_AVAILABILITY = YES_AGGRESSIVE;
				CLANG_WARN_UNREACHABLE_CODE = YES;
				CLANG_WARN__DUPLICATE_METHOD_MATCH = YES;
				CODE_SIGN_IDENTITY = "iPhone Developer";
				COPY_PHASE_STRIP = NO;
				DEBUG_INFORMATION_FORMAT = "dwarf-with-dsym";
				ENABLE_NS_ASSERTIONS = NO;
				ENABLE_STRICT_OBJC_MSGSEND = YES;
				GCC_C_LANGUAGE_STANDARD = gnu11;
				GCC_NO_COMMON_BLOCKS = YES;
				GCC_WARN_64_TO_32_BIT_CONVERSION = YES;
				GCC_WARN_ABOUT_RETURN_TYPE = YES_ERROR;
				GCC_WARN_UNDECLARED_SELECTOR = YES;
				GCC_WARN_UNINITIALIZED_AUTOS = YES_AGGRESSIVE;
				GCC_WARN_UNUSED_FUNCTION = YES;
				GCC_WARN_UNUSED_VARIABLE = YES;
				IPHONEOS_DEPLOYMENT_TARGET = 11.2;
				MTL_ENABLE_DEBUG_INFO = NO;
				SDKROOT = iphoneos;
				SWIFT_OPTIMIZATION_LEVEL = "-Owholemodule";
				VALIDATE_PRODUCT = YES;
			};
			name = Release;
		};
		CA854EDE205B6CDA00EC31BA /* Debug */ = {
			isa = XCBuildConfiguration;
			buildSettings = {
				ASSETCATALOG_COMPILER_APPICON_NAME = AppIcon;
				CODE_SIGN_STYLE = Automatic;
				DEVELOPMENT_TEAM = X947N5A32A;
				INFOPLIST_FILE = URLScheme_Run_Sample/Info.plist;
				LD_RUNPATH_SEARCH_PATHS = "$(inherited) @executable_path/Frameworks";
				PRODUCT_BUNDLE_IDENTIFIER = "com.yschoi.URLScheme-Run-Sample";
				PRODUCT_NAME = "$(TARGET_NAME)";
				SWIFT_VERSION = 4.0;
				TARGETED_DEVICE_FAMILY = "1,2";
			};
			name = Debug;
		};
		CA854EDF205B6CDA00EC31BA /* Release */ = {
			isa = XCBuildConfiguration;
			buildSettings = {
				ASSETCATALOG_COMPILER_APPICON_NAME = AppIcon;
				CODE_SIGN_STYLE = Automatic;
				DEVELOPMENT_TEAM = X947N5A32A;
				INFOPLIST_FILE = URLScheme_Run_Sample/Info.plist;
				LD_RUNPATH_SEARCH_PATHS = "$(inherited) @executable_path/Frameworks";
				PRODUCT_BUNDLE_IDENTIFIER = "com.yschoi.URLScheme-Run-Sample";
				PRODUCT_NAME = "$(TARGET_NAME)";
				SWIFT_VERSION = 4.0;
				TARGETED_DEVICE_FAMILY = "1,2";
			};
			name = Release;
		};
/* End XCBuildConfiguration section */

/* Begin XCConfigurationList section */
		CA854EC6205B6CDA00EC31BA /* Build configuration list for PBXProject "URLScheme_Run_Sample" */ = {
			isa = XCConfigurationList;
			buildConfigurations = (
				CA854EDB205B6CDA00EC31BA /* Debug */,
				CA854EDC205B6CDA00EC31BA /* Release */,
			);
			defaultConfigurationIsVisible = 0;
			defaultConfigurationName = Release;
		};
		CA854EDD205B6CDA00EC31BA /* Build configuration list for PBXNativeTarget "URLScheme_Run_Sample" */ = {
			isa = XCConfigurationList;
			buildConfigurations = (
				CA854EDE205B6CDA00EC31BA /* Debug */,
				CA854EDF205B6CDA00EC31BA /* Release */,
			);
			defaultConfigurationIsVisible = 0;
			defaultConfigurationName = Release;
		};
/* End XCConfigurationList section */
	};
	rootObject = CA854EC3205B6CDA00EC31BA /* Project object */;
}
