// !$*UTF8*$!
{
	archiveVersion = 1;
	classes = {
	};
	objectVersion = 48;
	objects = {

/* Begin PBXBuildFile section */
		CAB93AB3200C570100D7DCEC /* AppDelegate.swift in Sources */ = {isa = PBXBuildFile; fileRef = CAB93AB2200C570100D7DCEC /* AppDelegate.swift */; };
		CAB93AB5200C570200D7DCEC /* ViewController.swift in Sources */ = {isa = PBXBuildFile; fileRef = CAB93AB4200C570200D7DCEC /* ViewController.swift */; };
		CAB93AB8200C570200D7DCEC /* Main.storyboard in Resources */ = {isa = PBXBuildFile; fileRef = CAB93AB6200C570200D7DCEC /* Main.storyboard */; };
		CAB93ABA200C570200D7DCEC /* Assets.xcassets in Resources */ = {isa = PBXBuildFile; fileRef = CAB93AB9200C570200D7DCEC /* Assets.xcassets */; };
		CAB93ABD200C570200D7DCEC /* LaunchScreen.storyboard in Resources */ = {isa = PBXBuildFile; fileRef = CAB93ABB200C570200D7DCEC /* LaunchScreen.storyboard */; };
		CAB93AC5200C571700D7DCEC /* Functions.swift in Sources */ = {isa = PBXBuildFile; fileRef = CAB93AC4200C571700D7DCEC /* Functions.swift */; };
/* End PBXBuildFile section */

/* Begin PBXFileReference section */
		CAB93AAF200C570100D7DCEC /* Functions.app */ = {isa = PBXFileReference; explicitFileType = wrapper.application; includeInIndex = 0; path = Functions.app; sourceTree = BUILT_PRODUCTS_DIR; };
		CAB93AB2200C570100D7DCEC /* AppDelegate.swift */ = {isa = PBXFileReference; lastKnownFileType = sourcecode.swift; path = AppDelegate.swift; sourceTree = "<group>"; };
		CAB93AB4200C570200D7DCEC /* ViewController.swift */ = {isa = PBXFileReference; lastKnownFileType = sourcecode.swift; path = ViewController.swift; sourceTree = "<group>"; };
		CAB93AB7200C570200D7DCEC /* Base */ = {isa = PBXFileReference; lastKnownFileType = file.storyboard; name = Base; path = Base.lproj/Main.storyboard; sourceTree = "<group>"; };
		CAB93AB9200C570200D7DCEC /* Assets.xcassets */ = {isa = PBXFileReference; lastKnownFileType = folder.assetcatalog; path = Assets.xcassets; sourceTree = "<group>"; };
		CAB93ABC200C570200D7DCEC /* Base */ = {isa = PBXFileReference; lastKnownFileType = file.storyboard; name = Base; path = Base.lproj/LaunchScreen.storyboard; sourceTree = "<group>"; };
		CAB93ABE200C570200D7DCEC /* Info.plist */ = {isa = PBXFileReference; lastKnownFileType = text.plist.xml; path = Info.plist; sourceTree = "<group>"; };
		CAB93AC4200C571700D7DCEC /* Functions.swift */ = {isa = PBXFileReference; lastKnownFileType = sourcecode.swift; path = Functions.swift; sourceTree = "<group>"; };
/* End PBXFileReference section */

/* Begin PBXFrameworksBuildPhase section */
		CAB93AAC200C570100D7DCEC /* Frameworks */ = {
			isa = PBXFrameworksBuildPhase;
			buildActionMask = 2147483647;
			files = (
			);
			runOnlyForDeploymentPostprocessing = 0;
		};
/* End PBXFrameworksBuildPhase section */

/* Begin PBXGroup section */
		CAB93AA6200C570100D7DCEC = {
			isa = PBXGroup;
			children = (
				CAB93AB1200C570100D7DCEC /* Functions */,
				CAB93AB0200C570100D7DCEC /* Products */,
			);
			sourceTree = "<group>";
		};
		CAB93AB0200C570100D7DCEC /* Products */ = {
			isa = PBXGroup;
			children = (
				CAB93AAF200C570100D7DCEC /* Functions.app */,
			);
			name = Products;
			sourceTree = "<group>";
		};
		CAB93AB1200C570100D7DCEC /* Functions */ = {
			isa = PBXGroup;
			children = (
				CAB93AB2200C570100D7DCEC /* AppDelegate.swift */,
				CAB93AB4200C570200D7DCEC /* ViewController.swift */,
				CAB93AC4200C571700D7DCEC /* Functions.swift */,
				CAB93AB6200C570200D7DCEC /* Main.storyboard */,
				CAB93AB9200C570200D7DCEC /* Assets.xcassets */,
				CAB93ABB200C570200D7DCEC /* LaunchScreen.storyboard */,
				CAB93ABE200C570200D7DCEC /* Info.plist */,
			);
			path = Functions;
			sourceTree = "<group>";
		};
/* End PBXGroup section */

/* Begin PBXNativeTarget section */
		CAB93AAE200C570100D7DCEC /* Functions */ = {
			isa = PBXNativeTarget;
			buildConfigurationList = CAB93AC1200C570200D7DCEC /* Build configuration list for PBXNativeTarget "Functions" */;
			buildPhases = (
				CAB93AAB200C570100D7DCEC /* Sources */,
				CAB93AAC200C570100D7DCEC /* Frameworks */,
				CAB93AAD200C570100D7DCEC /* Resources */,
			);
			buildRules = (
			);
			dependencies = (
			);
			name = Functions;
			productName = Functions;
			productReference = CAB93AAF200C570100D7DCEC /* Functions.app */;
			productType = "com.apple.product-type.application";
		};
/* End PBXNativeTarget section */

/* Begin PBXProject section */
		CAB93AA7200C570100D7DCEC /* Project object */ = {
			isa = PBXProject;
			attributes = {
				LastSwiftUpdateCheck = 0920;
				LastUpgradeCheck = 0920;
				ORGANIZATIONNAME = "Yongseok Choi";
				TargetAttributes = {
					CAB93AAE200C570100D7DCEC = {
						CreatedOnToolsVersion = 9.2;
						ProvisioningStyle = Automatic;
					};
				};
			};
			buildConfigurationList = CAB93AAA200C570100D7DCEC /* Build configuration list for PBXProject "Functions" */;
			compatibilityVersion = "Xcode 8.0";
			developmentRegion = en;
			hasScannedForEncodings = 0;
			knownRegions = (
				en,
				Base,
			);
			mainGroup = CAB93AA6200C570100D7DCEC;
			productRefGroup = CAB93AB0200C570100D7DCEC /* Products */;
			projectDirPath = "";
			projectRoot = "";
			targets = (
				CAB93AAE200C570100D7DCEC /* Functions */,
			);
		};
/* End PBXProject section */

/* Begin PBXResourcesBuildPhase section */
		CAB93AAD200C570100D7DCEC /* Resources */ = {
			isa = PBXResourcesBuildPhase;
			buildActionMask = 2147483647;
			files = (
				CAB93ABD200C570200D7DCEC /* LaunchScreen.storyboard in Resources */,
				CAB93ABA200C570200D7DCEC /* Assets.xcassets in Resources */,
				CAB93AB8200C570200D7DCEC /* Main.storyboard in Resources */,
			);
			runOnlyForDeploymentPostprocessing = 0;
		};
/* End PBXResourcesBuildPhase section */

/* Begin PBXSourcesBuildPhase section */
		CAB93AAB200C570100D7DCEC /* Sources */ = {
			isa = PBXSourcesBuildPhase;
			buildActionMask = 2147483647;
			files = (
				CAB93AB5200C570200D7DCEC /* ViewController.swift in Sources */,
				CAB93AB3200C570100D7DCEC /* AppDelegate.swift in Sources */,
				CAB93AC5200C571700D7DCEC /* Functions.swift in Sources */,
			);
			runOnlyForDeploymentPostprocessing = 0;
		};
/* End PBXSourcesBuildPhase section */

/* Begin PBXVariantGroup section */
		CAB93AB6200C570200D7DCEC /* Main.storyboard */ = {
			isa = PBXVariantGroup;
			children = (
				CAB93AB7200C570200D7DCEC /* Base */,
			);
			name = Main.storyboard;
			sourceTree = "<group>";
		};
		CAB93ABB200C570200D7DCEC /* LaunchScreen.storyboard */ = {
			isa = PBXVariantGroup;
			children = (
				CAB93ABC200C570200D7DCEC /* Base */,
			);
			name = LaunchScreen.storyboard;
			sourceTree = "<group>";
		};
/* End PBXVariantGroup section */

/* Begin XCBuildConfiguration section */
		CAB93ABF200C570200D7DCEC /* Debug */ = {
			isa = XCBuildConfiguration;
			buildSettings = {
				ALWAYS_SEARCH_USER_PATHS = NO;
				CLANG_ANALYZER_NONNULL = YES;
				CLANG_ANALYZER_NUMBER_OBJECT_CONVERSION = YES_AGGRESSIVE;
				CLANG_CXX_LANGUAGE_STANDARD = "gnu++14";
				CLANG_CXX_LIBRARY = "libc++";
				CLANG_ENABLE_MODULES = YES;
				CLANG_ENABLE_OBJC_ARC = YES;
				CLANG_WARN_BLOCK_CAPTURE_AUTORELEASING = YES;
				CLANG_WARN_BOOL_CONVERSION = YES;
				CLANG_WARN_COMMA = YES;
				CLANG_WARN_CONSTANT_CONVERSION = YES;
				CLANG_WARN_DIRECT_OBJC_ISA_USAGE = YES_ERROR;
				CLANG_WARN_DOCUMENTATION_COMMENTS = YES;
				CLANG_WARN_EMPTY_BODY = YES;
				CLANG_WARN_ENUM_CONVERSION = YES;
				CLANG_WARN_INFINITE_RECURSION = YES;
				CLANG_WARN_INT_CONVERSION = YES;
				CLANG_WARN_NON_LITERAL_NULL_CONVERSION = YES;
				CLANG_WARN_OBJC_LITERAL_CONVERSION = YES;
				CLANG_WARN_OBJC_ROOT_CLASS = YES_ERROR;
				CLANG_WARN_RANGE_LOOP_ANALYSIS = YES;
				CLANG_WARN_STRICT_PROTOTYPES = YES;
				CLANG_WARN_SUSPICIOUS_MOVE = YES;
				CLANG_WARN_UNGUARDED_AVAILABILITY = YES_AGGRESSIVE;
				CLANG_WARN_UNREACHABLE_CODE = YES;
				CLANG_WARN__DUPLICATE_METHOD_MATCH = YES;
				CODE_SIGN_IDENTITY = "iPhone Developer";
				COPY_PHASE_STRIP = NO;
				DEBUG_INFORMATION_FORMAT = dwarf;
				ENABLE_STRICT_OBJC_MSGSEND = YES;
				ENABLE_TESTABILITY = YES;
				GCC_C_LANGUAGE_STANDARD = gnu11;
				GCC_DYNAMIC_NO_PIC = NO;
				GCC_NO_COMMON_BLOCKS = YES;
				GCC_OPTIMIZATION_LEVEL = 0;
				GCC_PREPROCESSOR_DEFINITIONS = (
					"DEBUG=1",
					"$(inherited)",
				);
				GCC_WARN_64_TO_32_BIT_CONVERSION = YES;
				GCC_WARN_ABOUT_RETURN_TYPE = YES_ERROR;
				GCC_WARN_UNDECLARED_SELECTOR = YES;
				GCC_WARN_UNINITIALIZED_AUTOS = YES_AGGRESSIVE;
				GCC_WARN_UNUSED_FUNCTION = YES;
				GCC_WARN_UNUSED_VARIABLE = YES;
				IPHONEOS_DEPLOYMENT_TARGET = 11.2;
				MTL_ENABLE_DEBUG_INFO = YES;
				ONLY_ACTIVE_ARCH = YES;
				SDKROOT = iphoneos;
				SWIFT_ACTIVE_COMPILATION_CONDITIONS = DEBUG;
				SWIFT_OPTIMIZATION_LEVEL = "-Onone";
			};
			name = Debug;
		};
		CAB93AC0200C570200D7DCEC /* Release */ = {
			isa = XCBuildConfiguration;
			buildSettings = {
				ALWAYS_SEARCH_USER_PATHS = NO;
				CLANG_ANALYZER_NONNULL = YES;
				CLANG_ANALYZER_NUMBER_OBJECT_CONVERSION = YES_AGGRESSIVE;
				CLANG_CXX_LANGUAGE_STANDARD = "gnu++14";
				CLANG_CXX_LIBRARY = "libc++";
				CLANG_ENABLE_MODULES = YES;
				CLANG_ENABLE_OBJC_ARC = YES;
				CLANG_WARN_BLOCK_CAPTURE_AUTORELEASING = YES;
				CLANG_WARN_BOOL_CONVERSION = YES;
				CLANG_WARN_COMMA = YES;
				CLANG_WARN_CONSTANT_CONVERSION = YES;
				CLANG_WARN_DIRECT_OBJC_ISA_USAGE = YES_ERROR;
				CLANG_WARN_DOCUMENTATION_COMMENTS = YES;
				CLANG_WARN_EMPTY_BODY = YES;
				CLANG_WARN_ENUM_CONVERSION = YES;
				CLANG_WARN_INFINITE_RECURSION = YES;
				CLANG_WARN_INT_CONVERSION = YES;
				CLANG_WARN_NON_LITERAL_NULL_CONVERSION = YES;
				CLANG_WARN_OBJC_LITERAL_CONVERSION = YES;
				CLANG_WARN_OBJC_ROOT_CLASS = YES_ERROR;
				CLANG_WARN_RANGE_LOOP_ANALYSIS = YES;
				CLANG_WARN_STRICT_PROTOTYPES = YES;
				CLANG_WARN_SUSPICIOUS_MOVE = YES;
				CLANG_WARN_UNGUARDED_AVAILABILITY = YES_AGGRESSIVE;
				CLANG_WARN_UNREACHABLE_CODE = YES;
				CLANG_WARN__DUPLICATE_METHOD_MATCH = YES;
				CODE_SIGN_IDENTITY = "iPhone Developer";
				COPY_PHASE_STRIP = NO;
				DEBUG_INFORMATION_FORMAT = "dwarf-with-dsym";
				ENABLE_NS_ASSERTIONS = NO;
				ENABLE_STRICT_OBJC_MSGSEND = YES;
				GCC_C_LANGUAGE_STANDARD = gnu11;
				GCC_NO_COMMON_BLOCKS = YES;
				GCC_WARN_64_TO_32_BIT_CONVERSION = YES;
				GCC_WARN_ABOUT_RETURN_TYPE = YES_ERROR;
				GCC_WARN_UNDECLARED_SELECTOR = YES;
				GCC_WARN_UNINITIALIZED_AUTOS = YES_AGGRESSIVE;
				GCC_WARN_UNUSED_FUNCTION = YES;
				GCC_WARN_UNUSED_VARIABLE = YES;
				IPHONEOS_DEPLOYMENT_TARGET = 11.2;
				MTL_ENABLE_DEBUG_INFO = NO;
				SDKROOT = iphoneos;
				SWIFT_OPTIMIZATION_LEVEL = "-Owholemodule";
				VALIDATE_PRODUCT = YES;
			};
			name = Release;
		};
		CAB93AC2200C570200D7DCEC /* Debug */ = {
			isa = XCBuildConfiguration;
			buildSettings = {
				ASSETCATALOG_COMPILER_APPICON_NAME = AppIcon;
				CODE_SIGN_STYLE = Automatic;
				INFOPLIST_FILE = Functions/Info.plist;
				LD_RUNPATH_SEARCH_PATHS = "$(inherited) @executable_path/Frameworks";
				PRODUCT_BUNDLE_IDENTIFIER = com.yschoi.Functions;
				PRODUCT_NAME = "$(TARGET_NAME)";
				SWIFT_VERSION = 4.0;
				TARGETED_DEVICE_FAMILY = "1,2";
			};
			name = Debug;
		};
		CAB93AC3200C570200D7DCEC /* Release */ = {
			isa = XCBuildConfiguration;
			buildSettings = {
				ASSETCATALOG_COMPILER_APPICON_NAME = AppIcon;
				CODE_SIGN_STYLE = Automatic;
				INFOPLIST_FILE = Functions/Info.plist;
				LD_RUNPATH_SEARCH_PATHS = "$(inherited) @executable_path/Frameworks";
				PRODUCT_BUNDLE_IDENTIFIER = com.yschoi.Functions;
				PRODUCT_NAME = "$(TARGET_NAME)";
				SWIFT_VERSION = 4.0;
				TARGETED_DEVICE_FAMILY = "1,2";
			};
			name = Release;
		};
/* End XCBuildConfiguration section */

/* Begin XCConfigurationList section */
		CAB93AAA200C570100D7DCEC /* Build configuration list for PBXProject "Functions" */ = {
			isa = XCConfigurationList;
			buildConfigurations = (
				CAB93ABF200C570200D7DCEC /* Debug */,
				CAB93AC0200C570200D7DCEC /* Release */,
			);
			defaultConfigurationIsVisible = 0;
			defaultConfigurationName = Release;
		};
		CAB93AC1200C570200D7DCEC /* Build configuration list for PBXNativeTarget "Functions" */ = {
			isa = XCConfigurationList;
			buildConfigurations = (
				CAB93AC2200C570200D7DCEC /* Debug */,
				CAB93AC3200C570200D7DCEC /* Release */,
			);
			defaultConfigurationIsVisible = 0;
			defaultConfigurationName = Release;
		};
/* End XCConfigurationList section */
	};
	rootObject = CAB93AA7200C570100D7DCEC /* Project object */;
}
